// !$*UTF8*$!
{
	archiveVersion = 1;
	classes = {
	};
	objectVersion = 50;
	objects = {

/* Begin PBXBuildFile section */
		B5859C45213F83EF00C71222 /* AppDelegate.swift in Sources */ = {isa = PBXBuildFile; fileRef = B5859C44213F83EF00C71222 /* AppDelegate.swift */; };
		B5859C47213F83EF00C71222 /* ViewController.swift in Sources */ = {isa = PBXBuildFile; fileRef = B5859C46213F83EF00C71222 /* ViewController.swift */; };
		B5859C49213F83EF00C71222 /* Assets.xcassets in Resources */ = {isa = PBXBuildFile; fileRef = B5859C48213F83EF00C71222 /* Assets.xcassets */; };
		B5859C4C213F83EF00C71222 /* Main.storyboard in Resources */ = {isa = PBXBuildFile; fileRef = B5859C4A213F83EF00C71222 /* Main.storyboard */; };
		B5859C58213F83F000C71222 /* PinkGoatAppTests.swift in Sources */ = {isa = PBXBuildFile; fileRef = B5859C57213F83F000C71222 /* PinkGoatAppTests.swift */; };
		B5859C63213F849A00C71222 /* bullet in Resources */ = {isa = PBXBuildFile; fileRef = B5859C62213F849A00C71222 /* bullet */; };
		B5859C75213F84E800C71222 /* libBullet3Dynamics.a in Frameworks */ = {isa = PBXBuildFile; fileRef = B5859C65213F84E700C71222 /* libBullet3Dynamics.a */; };
		B5859C76213F84E800C71222 /* libBullet3Geometry.a in Frameworks */ = {isa = PBXBuildFile; fileRef = B5859C66213F84E800C71222 /* libBullet3Geometry.a */; };
		B5859C77213F84E800C71222 /* libBullet3Collision.a in Frameworks */ = {isa = PBXBuildFile; fileRef = B5859C67213F84E800C71222 /* libBullet3Collision.a */; };
		B5859C78213F84E800C71222 /* libBulletInverseDynamics.a in Frameworks */ = {isa = PBXBuildFile; fileRef = B5859C68213F84E800C71222 /* libBulletInverseDynamics.a */; };
		B5859C79213F84E800C71222 /* libBulletDynamics.a in Frameworks */ = {isa = PBXBuildFile; fileRef = B5859C69213F84E800C71222 /* libBulletDynamics.a */; };
		B5859C7A213F84E800C71222 /* libBullet3Common.a in Frameworks */ = {isa = PBXBuildFile; fileRef = B5859C6A213F84E800C71222 /* libBullet3Common.a */; };
		B5859C7B213F84E800C71222 /* libBulletRobotics.a in Frameworks */ = {isa = PBXBuildFile; fileRef = B5859C6B213F84E800C71222 /* libBulletRobotics.a */; };
		B5859C7C213F84E800C71222 /* libBullet3OpenCL_clew.a in Frameworks */ = {isa = PBXBuildFile; fileRef = B5859C6C213F84E800C71222 /* libBullet3OpenCL_clew.a */; };
		B5859C7D213F84E800C71222 /* libBulletWorldImporter.a in Frameworks */ = {isa = PBXBuildFile; fileRef = B5859C6D213F84E800C71222 /* libBulletWorldImporter.a */; };
		B5859C7E213F84E800C71222 /* libBulletXmlWorldImporter.a in Frameworks */ = {isa = PBXBuildFile; fileRef = B5859C6E213F84E800C71222 /* libBulletXmlWorldImporter.a */; };
		B5859C7F213F84E800C71222 /* libBulletCollision.a in Frameworks */ = {isa = PBXBuildFile; fileRef = B5859C6F213F84E800C71222 /* libBulletCollision.a */; };
		B5859C80213F84E800C71222 /* libBulletFileLoader.a in Frameworks */ = {isa = PBXBuildFile; fileRef = B5859C70213F84E800C71222 /* libBulletFileLoader.a */; };
		B5859C81213F84E800C71222 /* libBulletInverseDynamicsUtils.a in Frameworks */ = {isa = PBXBuildFile; fileRef = B5859C71213F84E800C71222 /* libBulletInverseDynamicsUtils.a */; };
		B5859C82213F84E800C71222 /* libLinearMath.a in Frameworks */ = {isa = PBXBuildFile; fileRef = B5859C72213F84E800C71222 /* libLinearMath.a */; };
		B5859C83213F84E800C71222 /* libBulletSoftBody.a in Frameworks */ = {isa = PBXBuildFile; fileRef = B5859C73213F84E800C71222 /* libBulletSoftBody.a */; };
		B5859C84213F84E800C71222 /* libBullet2FileLoader.a in Frameworks */ = {isa = PBXBuildFile; fileRef = B5859C74213F84E800C71222 /* libBullet2FileLoader.a */; };
		B5859C88213F87B800C71222 /* BulletDynamicsWorldFactory.mm in Sources */ = {isa = PBXBuildFile; fileRef = B5859C87213F87B800C71222 /* BulletDynamicsWorldFactory.mm */; };
		B5859C8F213F8D7300C71222 /* BTMultiBodyDynamicsWorldWrapper.mm in Sources */ = {isa = PBXBuildFile; fileRef = B5859C8E213F8D7300C71222 /* BTMultiBodyDynamicsWorldWrapper.mm */; };
		B5859C92213F971A00C71222 /* PGMainViewController.mm in Sources */ = {isa = PBXBuildFile; fileRef = B5859C91213F971A00C71222 /* PGMainViewController.mm */; };
		B5859C95213F994E00C71222 /* URDF2Bullet.mm in Sources */ = {isa = PBXBuildFile; fileRef = B5859C93213F994E00C71222 /* URDF2Bullet.mm */; };
		B5859C9C213F9B8300C71222 /* PGRobotFactory.mm in Sources */ = {isa = PBXBuildFile; fileRef = B5859C9B213F9B8300C71222 /* PGRobotFactory.mm */; };
		B5859C9E213F9CDF00C71222 /* SceneKit.framework in Frameworks */ = {isa = PBXBuildFile; fileRef = B5859C9D213F9CDF00C71222 /* SceneKit.framework */; };
/* End PBXBuildFile section */

/* Begin PBXContainerItemProxy section */
		B5859C54213F83F000C71222 /* PBXContainerItemProxy */ = {
			isa = PBXContainerItemProxy;
			containerPortal = B5859C39213F83EF00C71222 /* Project object */;
			proxyType = 1;
			remoteGlobalIDString = B5859C40213F83EF00C71222;
			remoteInfo = PinkGoatApp;
		};
/* End PBXContainerItemProxy section */

/* Begin PBXFileReference section */
		B5859C41213F83EF00C71222 /* PinkGoatApp.app */ = {isa = PBXFileReference; explicitFileType = wrapper.application; includeInIndex = 0; path = PinkGoatApp.app; sourceTree = BUILT_PRODUCTS_DIR; };
		B5859C44213F83EF00C71222 /* AppDelegate.swift */ = {isa = PBXFileReference; lastKnownFileType = sourcecode.swift; path = AppDelegate.swift; sourceTree = "<group>"; };
		B5859C46213F83EF00C71222 /* ViewController.swift */ = {isa = PBXFileReference; lastKnownFileType = sourcecode.swift; path = ViewController.swift; sourceTree = "<group>"; };
		B5859C48213F83EF00C71222 /* Assets.xcassets */ = {isa = PBXFileReference; lastKnownFileType = folder.assetcatalog; path = Assets.xcassets; sourceTree = "<group>"; };
		B5859C4B213F83EF00C71222 /* Base */ = {isa = PBXFileReference; lastKnownFileType = file.storyboard; name = Base; path = Base.lproj/Main.storyboard; sourceTree = "<group>"; };
		B5859C4D213F83EF00C71222 /* Info.plist */ = {isa = PBXFileReference; lastKnownFileType = text.plist.xml; path = Info.plist; sourceTree = "<group>"; };
		B5859C4E213F83EF00C71222 /* PinkGoatApp.entitlements */ = {isa = PBXFileReference; lastKnownFileType = text.plist.entitlements; path = PinkGoatApp.entitlements; sourceTree = "<group>"; };
		B5859C53213F83F000C71222 /* PinkGoatAppTests.xctest */ = {isa = PBXFileReference; explicitFileType = wrapper.cfbundle; includeInIndex = 0; path = PinkGoatAppTests.xctest; sourceTree = BUILT_PRODUCTS_DIR; };
		B5859C57213F83F000C71222 /* PinkGoatAppTests.swift */ = {isa = PBXFileReference; lastKnownFileType = sourcecode.swift; path = PinkGoatAppTests.swift; sourceTree = "<group>"; };
		B5859C59213F83F000C71222 /* Info.plist */ = {isa = PBXFileReference; lastKnownFileType = text.plist.xml; path = Info.plist; sourceTree = "<group>"; };
		B5859C62213F849A00C71222 /* bullet */ = {isa = PBXFileReference; lastKnownFileType = folder; path = bullet; sourceTree = "<group>"; };
		B5859C65213F84E700C71222 /* libBullet3Dynamics.a */ = {isa = PBXFileReference; lastKnownFileType = archive.ar; name = libBullet3Dynamics.a; path = ../../../../../usr/local/lib/libBullet3Dynamics.a; sourceTree = "<group>"; };
		B5859C66213F84E800C71222 /* libBullet3Geometry.a */ = {isa = PBXFileReference; lastKnownFileType = archive.ar; name = libBullet3Geometry.a; path = ../../../../../usr/local/lib/libBullet3Geometry.a; sourceTree = "<group>"; };
		B5859C67213F84E800C71222 /* libBullet3Collision.a */ = {isa = PBXFileReference; lastKnownFileType = archive.ar; name = libBullet3Collision.a; path = ../../../../../usr/local/lib/libBullet3Collision.a; sourceTree = "<group>"; };
		B5859C68213F84E800C71222 /* libBulletInverseDynamics.a */ = {isa = PBXFileReference; lastKnownFileType = archive.ar; name = libBulletInverseDynamics.a; path = ../../../../../usr/local/lib/libBulletInverseDynamics.a; sourceTree = "<group>"; };
		B5859C69213F84E800C71222 /* libBulletDynamics.a */ = {isa = PBXFileReference; lastKnownFileType = archive.ar; name = libBulletDynamics.a; path = ../../../../../usr/local/lib/libBulletDynamics.a; sourceTree = "<group>"; };
		B5859C6A213F84E800C71222 /* libBullet3Common.a */ = {isa = PBXFileReference; lastKnownFileType = archive.ar; name = libBullet3Common.a; path = ../../../../../usr/local/lib/libBullet3Common.a; sourceTree = "<group>"; };
		B5859C6B213F84E800C71222 /* libBulletRobotics.a */ = {isa = PBXFileReference; lastKnownFileType = archive.ar; name = libBulletRobotics.a; path = ../../../../../usr/local/lib/libBulletRobotics.a; sourceTree = "<group>"; };
		B5859C6C213F84E800C71222 /* libBullet3OpenCL_clew.a */ = {isa = PBXFileReference; lastKnownFileType = archive.ar; name = libBullet3OpenCL_clew.a; path = ../../../../../usr/local/lib/libBullet3OpenCL_clew.a; sourceTree = "<group>"; };
		B5859C6D213F84E800C71222 /* libBulletWorldImporter.a */ = {isa = PBXFileReference; lastKnownFileType = archive.ar; name = libBulletWorldImporter.a; path = ../../../../../usr/local/lib/libBulletWorldImporter.a; sourceTree = "<group>"; };
		B5859C6E213F84E800C71222 /* libBulletXmlWorldImporter.a */ = {isa = PBXFileReference; lastKnownFileType = archive.ar; name = libBulletXmlWorldImporter.a; path = ../../../../../usr/local/lib/libBulletXmlWorldImporter.a; sourceTree = "<group>"; };
		B5859C6F213F84E800C71222 /* libBulletCollision.a */ = {isa = PBXFileReference; lastKnownFileType = archive.ar; name = libBulletCollision.a; path = ../../../../../usr/local/lib/libBulletCollision.a; sourceTree = "<group>"; };
		B5859C70213F84E800C71222 /* libBulletFileLoader.a */ = {isa = PBXFileReference; lastKnownFileType = archive.ar; name = libBulletFileLoader.a; path = ../../../../../usr/local/lib/libBulletFileLoader.a; sourceTree = "<group>"; };
		B5859C71213F84E800C71222 /* libBulletInverseDynamicsUtils.a */ = {isa = PBXFileReference; lastKnownFileType = archive.ar; name = libBulletInverseDynamicsUtils.a; path = ../../../../../usr/local/lib/libBulletInverseDynamicsUtils.a; sourceTree = "<group>"; };
		B5859C72213F84E800C71222 /* libLinearMath.a */ = {isa = PBXFileReference; lastKnownFileType = archive.ar; name = libLinearMath.a; path = ../../../../../usr/local/lib/libLinearMath.a; sourceTree = "<group>"; };
		B5859C73213F84E800C71222 /* libBulletSoftBody.a */ = {isa = PBXFileReference; lastKnownFileType = archive.ar; name = libBulletSoftBody.a; path = ../../../../../usr/local/lib/libBulletSoftBody.a; sourceTree = "<group>"; };
		B5859C74213F84E800C71222 /* libBullet2FileLoader.a */ = {isa = PBXFileReference; lastKnownFileType = archive.ar; name = libBullet2FileLoader.a; path = ../../../../../usr/local/lib/libBullet2FileLoader.a; sourceTree = "<group>"; };
		B5859C85213F87B700C71222 /* PinkGoatApp-Bridging-Header.h */ = {isa = PBXFileReference; lastKnownFileType = sourcecode.c.h; path = "PinkGoatApp-Bridging-Header.h"; sourceTree = "<group>"; };
		B5859C86213F87B800C71222 /* BulletDynamicsWorldFactory.h */ = {isa = PBXFileReference; lastKnownFileType = sourcecode.c.h; path = BulletDynamicsWorldFactory.h; sourceTree = "<group>"; };
		B5859C87213F87B800C71222 /* BulletDynamicsWorldFactory.mm */ = {isa = PBXFileReference; lastKnownFileType = sourcecode.cpp.objcpp; path = BulletDynamicsWorldFactory.mm; sourceTree = "<group>"; };
		B5859C8D213F8D7300C71222 /* BTMultiBodyDynamicsWorldWrapper.h */ = {isa = PBXFileReference; lastKnownFileType = sourcecode.c.h; path = BTMultiBodyDynamicsWorldWrapper.h; sourceTree = "<group>"; };
		B5859C8E213F8D7300C71222 /* BTMultiBodyDynamicsWorldWrapper.mm */ = {isa = PBXFileReference; lastKnownFileType = sourcecode.cpp.objcpp; path = BTMultiBodyDynamicsWorldWrapper.mm; sourceTree = "<group>"; };
		B5859C90213F971A00C71222 /* PGMainViewController.h */ = {isa = PBXFileReference; lastKnownFileType = sourcecode.c.h; path = PGMainViewController.h; sourceTree = "<group>"; };
		B5859C91213F971A00C71222 /* PGMainViewController.mm */ = {isa = PBXFileReference; lastKnownFileType = sourcecode.cpp.objcpp; path = PGMainViewController.mm; sourceTree = "<group>"; };
		B5859C93213F994E00C71222 /* URDF2Bullet.mm */ = {isa = PBXFileReference; fileEncoding = 4; lastKnownFileType = sourcecode.cpp.objcpp; path = URDF2Bullet.mm; sourceTree = "<group>"; };
		B5859C94213F994E00C71222 /* URDF2Bullet.h */ = {isa = PBXFileReference; fileEncoding = 4; lastKnownFileType = sourcecode.c.h; path = URDF2Bullet.h; sourceTree = "<group>"; };
		B5859C96213F99AD00C71222 /* URDFJointTypes.h */ = {isa = PBXFileReference; lastKnownFileType = sourcecode.c.h; path = URDFJointTypes.h; sourceTree = "<group>"; };
		B5859C97213F99E000C71222 /* URDFImporterInterface.h */ = {isa = PBXFileReference; lastKnownFileType = sourcecode.c.h; path = URDFImporterInterface.h; sourceTree = "<group>"; };
		B5859C98213F9A0300C71222 /* SDFAudioTypes.h */ = {isa = PBXFileReference; lastKnownFileType = sourcecode.c.h; path = SDFAudioTypes.h; sourceTree = "<group>"; };
		B5859C99213F9A2200C71222 /* MultiBodyCreationInterface.h */ = {isa = PBXFileReference; lastKnownFileType = sourcecode.c.h; path = MultiBodyCreationInterface.h; sourceTree = "<group>"; };
		B5859C9A213F9B8300C71222 /* PGRobotFactory.h */ = {isa = PBXFileReference; lastKnownFileType = sourcecode.c.h; path = PGRobotFactory.h; sourceTree = "<group>"; };
		B5859C9B213F9B8300C71222 /* PGRobotFactory.mm */ = {isa = PBXFileReference; lastKnownFileType = sourcecode.cpp.objcpp; path = PGRobotFactory.mm; sourceTree = "<group>"; };
		B5859C9D213F9CDF00C71222 /* SceneKit.framework */ = {isa = PBXFileReference; lastKnownFileType = wrapper.framework; name = SceneKit.framework; path = System/Library/Frameworks/SceneKit.framework; sourceTree = SDKROOT; };
/* End PBXFileReference section */

/* Begin PBXFrameworksBuildPhase section */
		B5859C3E213F83EF00C71222 /* Frameworks */ = {
			isa = PBXFrameworksBuildPhase;
			buildActionMask = 2147483647;
			files = (
				B5859C9E213F9CDF00C71222 /* SceneKit.framework in Frameworks */,
				B5859C75213F84E800C71222 /* libBullet3Dynamics.a in Frameworks */,
				B5859C76213F84E800C71222 /* libBullet3Geometry.a in Frameworks */,
				B5859C77213F84E800C71222 /* libBullet3Collision.a in Frameworks */,
				B5859C78213F84E800C71222 /* libBulletInverseDynamics.a in Frameworks */,
				B5859C79213F84E800C71222 /* libBulletDynamics.a in Frameworks */,
				B5859C7A213F84E800C71222 /* libBullet3Common.a in Frameworks */,
				B5859C7B213F84E800C71222 /* libBulletRobotics.a in Frameworks */,
				B5859C7C213F84E800C71222 /* libBullet3OpenCL_clew.a in Frameworks */,
				B5859C7D213F84E800C71222 /* libBulletWorldImporter.a in Frameworks */,
				B5859C7E213F84E800C71222 /* libBulletXmlWorldImporter.a in Frameworks */,
				B5859C7F213F84E800C71222 /* libBulletCollision.a in Frameworks */,
				B5859C80213F84E800C71222 /* libBulletFileLoader.a in Frameworks */,
				B5859C81213F84E800C71222 /* libBulletInverseDynamicsUtils.a in Frameworks */,
				B5859C82213F84E800C71222 /* libLinearMath.a in Frameworks */,
				B5859C83213F84E800C71222 /* libBulletSoftBody.a in Frameworks */,
				B5859C84213F84E800C71222 /* libBullet2FileLoader.a in Frameworks */,
			);
			runOnlyForDeploymentPostprocessing = 0;
		};
		B5859C50213F83F000C71222 /* Frameworks */ = {
			isa = PBXFrameworksBuildPhase;
			buildActionMask = 2147483647;
			files = (
			);
			runOnlyForDeploymentPostprocessing = 0;
		};
/* End PBXFrameworksBuildPhase section */

/* Begin PBXGroup section */
		B5859C38213F83EF00C71222 = {
			isa = PBXGroup;
			children = (
				B5859C43213F83EF00C71222 /* PinkGoatApp */,
				B5859C56213F83F000C71222 /* PinkGoatAppTests */,
				B5859C42213F83EF00C71222 /* Products */,
				B5859C64213F84E700C71222 /* Frameworks */,
			);
			sourceTree = "<group>";
		};
		B5859C42213F83EF00C71222 /* Products */ = {
			isa = PBXGroup;
			children = (
				B5859C41213F83EF00C71222 /* PinkGoatApp.app */,
				B5859C53213F83F000C71222 /* PinkGoatAppTests.xctest */,
			);
			name = Products;
			sourceTree = "<group>";
		};
		B5859C43213F83EF00C71222 /* PinkGoatApp */ = {
			isa = PBXGroup;
			children = (
				B5859C99213F9A2200C71222 /* MultiBodyCreationInterface.h */,
				B5859C98213F9A0300C71222 /* SDFAudioTypes.h */,
				B5859C97213F99E000C71222 /* URDFImporterInterface.h */,
				B5859C96213F99AD00C71222 /* URDFJointTypes.h */,
				B5859C93213F994E00C71222 /* URDF2Bullet.mm */,
				B5859C94213F994E00C71222 /* URDF2Bullet.h */,
				B5859C89213F881F00C71222 /* bulletWrappers */,
				B5859C62213F849A00C71222 /* bullet */,
				B5859C44213F83EF00C71222 /* AppDelegate.swift */,
				B5859C46213F83EF00C71222 /* ViewController.swift */,
				B5859C48213F83EF00C71222 /* Assets.xcassets */,
				B5859C4A213F83EF00C71222 /* Main.storyboard */,
				B5859C4D213F83EF00C71222 /* Info.plist */,
				B5859C4E213F83EF00C71222 /* PinkGoatApp.entitlements */,
				B5859C86213F87B800C71222 /* BulletDynamicsWorldFactory.h */,
				B5859C87213F87B800C71222 /* BulletDynamicsWorldFactory.mm */,
				B5859C85213F87B700C71222 /* PinkGoatApp-Bridging-Header.h */,
				B5859C90213F971A00C71222 /* PGMainViewController.h */,
				B5859C91213F971A00C71222 /* PGMainViewController.mm */,
				B5859C9A213F9B8300C71222 /* PGRobotFactory.h */,
				B5859C9B213F9B8300C71222 /* PGRobotFactory.mm */,
			);
			path = PinkGoatApp;
			sourceTree = "<group>";
		};
		B5859C56213F83F000C71222 /* PinkGoatAppTests */ = {
			isa = PBXGroup;
			children = (
				B5859C57213F83F000C71222 /* PinkGoatAppTests.swift */,
				B5859C59213F83F000C71222 /* Info.plist */,
			);
			path = PinkGoatAppTests;
			sourceTree = "<group>";
		};
		B5859C64213F84E700C71222 /* Frameworks */ = {
			isa = PBXGroup;
			children = (
				B5859C9D213F9CDF00C71222 /* SceneKit.framework */,
				B5859C74213F84E800C71222 /* libBullet2FileLoader.a */,
				B5859C67213F84E800C71222 /* libBullet3Collision.a */,
				B5859C6A213F84E800C71222 /* libBullet3Common.a */,
				B5859C65213F84E700C71222 /* libBullet3Dynamics.a */,
				B5859C66213F84E800C71222 /* libBullet3Geometry.a */,
				B5859C6C213F84E800C71222 /* libBullet3OpenCL_clew.a */,
				B5859C6F213F84E800C71222 /* libBulletCollision.a */,
				B5859C69213F84E800C71222 /* libBulletDynamics.a */,
				B5859C70213F84E800C71222 /* libBulletFileLoader.a */,
				B5859C68213F84E800C71222 /* libBulletInverseDynamics.a */,
				B5859C71213F84E800C71222 /* libBulletInverseDynamicsUtils.a */,
				B5859C6B213F84E800C71222 /* libBulletRobotics.a */,
				B5859C73213F84E800C71222 /* libBulletSoftBody.a */,
				B5859C6D213F84E800C71222 /* libBulletWorldImporter.a */,
				B5859C6E213F84E800C71222 /* libBulletXmlWorldImporter.a */,
				B5859C72213F84E800C71222 /* libLinearMath.a */,
			);
			name = Frameworks;
			sourceTree = "<group>";
		};
		B5859C89213F881F00C71222 /* bulletWrappers */ = {
			isa = PBXGroup;
			children = (
				B5859C8D213F8D7300C71222 /* BTMultiBodyDynamicsWorldWrapper.h */,
				B5859C8E213F8D7300C71222 /* BTMultiBodyDynamicsWorldWrapper.mm */,
			);
			path = bulletWrappers;
			sourceTree = "<group>";
		};
/* End PBXGroup section */

/* Begin PBXNativeTarget section */
		B5859C40213F83EF00C71222 /* PinkGoatApp */ = {
			isa = PBXNativeTarget;
			buildConfigurationList = B5859C5C213F83F000C71222 /* Build configuration list for PBXNativeTarget "PinkGoatApp" */;
			buildPhases = (
				B5859C3D213F83EF00C71222 /* Sources */,
				B5859C3E213F83EF00C71222 /* Frameworks */,
				B5859C3F213F83EF00C71222 /* Resources */,
			);
			buildRules = (
			);
			dependencies = (
			);
			name = PinkGoatApp;
			productName = PinkGoatApp;
			productReference = B5859C41213F83EF00C71222 /* PinkGoatApp.app */;
			productType = "com.apple.product-type.application";
		};
		B5859C52213F83F000C71222 /* PinkGoatAppTests */ = {
			isa = PBXNativeTarget;
			buildConfigurationList = B5859C5F213F83F000C71222 /* Build configuration list for PBXNativeTarget "PinkGoatAppTests" */;
			buildPhases = (
				B5859C4F213F83F000C71222 /* Sources */,
				B5859C50213F83F000C71222 /* Frameworks */,
				B5859C51213F83F000C71222 /* Resources */,
			);
			buildRules = (
			);
			dependencies = (
				B5859C55213F83F000C71222 /* PBXTargetDependency */,
			);
			name = PinkGoatAppTests;
			productName = PinkGoatAppTests;
			productReference = B5859C53213F83F000C71222 /* PinkGoatAppTests.xctest */;
			productType = "com.apple.product-type.bundle.unit-test";
		};
/* End PBXNativeTarget section */

/* Begin PBXProject section */
		B5859C39213F83EF00C71222 /* Project object */ = {
			isa = PBXProject;
			attributes = {
				LastSwiftUpdateCheck = 0940;
				LastUpgradeCheck = 0940;
				ORGANIZATIONNAME = "Roy Li";
				TargetAttributes = {
					B5859C40213F83EF00C71222 = {
						CreatedOnToolsVersion = 9.4.1;
						LastSwiftMigration = 0940;
					};
					B5859C52213F83F000C71222 = {
						CreatedOnToolsVersion = 9.4.1;
						TestTargetID = B5859C40213F83EF00C71222;
					};
				};
			};
			buildConfigurationList = B5859C3C213F83EF00C71222 /* Build configuration list for PBXProject "PinkGoatApp" */;
			compatibilityVersion = "Xcode 9.3";
			developmentRegion = en;
			hasScannedForEncodings = 0;
			knownRegions = (
				en,
				Base,
			);
			mainGroup = B5859C38213F83EF00C71222;
			productRefGroup = B5859C42213F83EF00C71222 /* Products */;
			projectDirPath = "";
			projectRoot = "";
			targets = (
				B5859C40213F83EF00C71222 /* PinkGoatApp */,
				B5859C52213F83F000C71222 /* PinkGoatAppTests */,
			);
		};
/* End PBXProject section */

/* Begin PBXResourcesBuildPhase section */
		B5859C3F213F83EF00C71222 /* Resources */ = {
			isa = PBXResourcesBuildPhase;
			buildActionMask = 2147483647;
			files = (
				B5859C49213F83EF00C71222 /* Assets.xcassets in Resources */,
				B5859C4C213F83EF00C71222 /* Main.storyboard in Resources */,
				B5859C63213F849A00C71222 /* bullet in Resources */,
			);
			runOnlyForDeploymentPostprocessing = 0;
		};
		B5859C51213F83F000C71222 /* Resources */ = {
			isa = PBXResourcesBuildPhase;
			buildActionMask = 2147483647;
			files = (
			);
			runOnlyForDeploymentPostprocessing = 0;
		};
/* End PBXResourcesBuildPhase section */

/* Begin PBXSourcesBuildPhase section */
		B5859C3D213F83EF00C71222 /* Sources */ = {
			isa = PBXSourcesBuildPhase;
			buildActionMask = 2147483647;
			files = (
				B5859C8F213F8D7300C71222 /* BTMultiBodyDynamicsWorldWrapper.mm in Sources */,
				B5859C92213F971A00C71222 /* PGMainViewController.mm in Sources */,
				B5859C88213F87B800C71222 /* BulletDynamicsWorldFactory.mm in Sources */,
				B5859C9C213F9B8300C71222 /* PGRobotFactory.mm in Sources */,
				B5859C47213F83EF00C71222 /* ViewController.swift in Sources */,
				B5859C45213F83EF00C71222 /* AppDelegate.swift in Sources */,
				B5859C95213F994E00C71222 /* URDF2Bullet.mm in Sources */,
			);
			runOnlyForDeploymentPostprocessing = 0;
		};
		B5859C4F213F83F000C71222 /* Sources */ = {
			isa = PBXSourcesBuildPhase;
			buildActionMask = 2147483647;
			files = (
				B5859C58213F83F000C71222 /* PinkGoatAppTests.swift in Sources */,
			);
			runOnlyForDeploymentPostprocessing = 0;
		};
/* End PBXSourcesBuildPhase section */

/* Begin PBXTargetDependency section */
		B5859C55213F83F000C71222 /* PBXTargetDependency */ = {
			isa = PBXTargetDependency;
			target = B5859C40213F83EF00C71222 /* PinkGoatApp */;
			targetProxy = B5859C54213F83F000C71222 /* PBXContainerItemProxy */;
		};
/* End PBXTargetDependency section */

/* Begin PBXVariantGroup section */
		B5859C4A213F83EF00C71222 /* Main.storyboard */ = {
			isa = PBXVariantGroup;
			children = (
				B5859C4B213F83EF00C71222 /* Base */,
			);
			name = Main.storyboard;
			sourceTree = "<group>";
		};
/* End PBXVariantGroup section */

/* Begin XCBuildConfiguration section */
		B5859C5A213F83F000C71222 /* Debug */ = {
			isa = XCBuildConfiguration;
			buildSettings = {
				ALWAYS_SEARCH_USER_PATHS = NO;
				CLANG_ANALYZER_NONNULL = YES;
				CLANG_ANALYZER_NUMBER_OBJECT_CONVERSION = YES_AGGRESSIVE;
				CLANG_CXX_LANGUAGE_STANDARD = "gnu++14";
				CLANG_CXX_LIBRARY = "libc++";
				CLANG_ENABLE_MODULES = YES;
				CLANG_ENABLE_OBJC_ARC = YES;
				CLANG_ENABLE_OBJC_WEAK = YES;
				CLANG_WARN_BLOCK_CAPTURE_AUTORELEASING = YES;
				CLANG_WARN_BOOL_CONVERSION = YES;
				CLANG_WARN_COMMA = YES;
				CLANG_WARN_CONSTANT_CONVERSION = YES;
				CLANG_WARN_DEPRECATED_OBJC_IMPLEMENTATIONS = YES;
				CLANG_WARN_DIRECT_OBJC_ISA_USAGE = YES_ERROR;
				CLANG_WARN_DOCUMENTATION_COMMENTS = YES;
				CLANG_WARN_EMPTY_BODY = YES;
				CLANG_WARN_ENUM_CONVERSION = YES;
				CLANG_WARN_INFINITE_RECURSION = YES;
				CLANG_WARN_INT_CONVERSION = YES;
				CLANG_WARN_NON_LITERAL_NULL_CONVERSION = YES;
				CLANG_WARN_OBJC_IMPLICIT_RETAIN_SELF = YES;
				CLANG_WARN_OBJC_LITERAL_CONVERSION = YES;
				CLANG_WARN_OBJC_ROOT_CLASS = YES_ERROR;
				CLANG_WARN_RANGE_LOOP_ANALYSIS = YES;
				CLANG_WARN_STRICT_PROTOTYPES = YES;
				CLANG_WARN_SUSPICIOUS_MOVE = YES;
				CLANG_WARN_UNGUARDED_AVAILABILITY = YES_AGGRESSIVE;
				CLANG_WARN_UNREACHABLE_CODE = YES;
				CLANG_WARN__DUPLICATE_METHOD_MATCH = YES;
				CODE_SIGN_IDENTITY = "Mac Developer";
				COPY_PHASE_STRIP = NO;
				DEBUG_INFORMATION_FORMAT = dwarf;
				ENABLE_STRICT_OBJC_MSGSEND = YES;
				ENABLE_TESTABILITY = YES;
				GCC_C_LANGUAGE_STANDARD = gnu11;
				GCC_DYNAMIC_NO_PIC = NO;
				GCC_NO_COMMON_BLOCKS = YES;
				GCC_OPTIMIZATION_LEVEL = 0;
				GCC_PREPROCESSOR_DEFINITIONS = (
					"DEBUG=1",
					"$(inherited)",
				);
				GCC_WARN_64_TO_32_BIT_CONVERSION = YES;
				GCC_WARN_ABOUT_RETURN_TYPE = YES_ERROR;
				GCC_WARN_UNDECLARED_SELECTOR = YES;
				GCC_WARN_UNINITIALIZED_AUTOS = YES_AGGRESSIVE;
				GCC_WARN_UNUSED_FUNCTION = YES;
				GCC_WARN_UNUSED_VARIABLE = YES;
				MACOSX_DEPLOYMENT_TARGET = 10.13;
				MTL_ENABLE_DEBUG_INFO = YES;
				ONLY_ACTIVE_ARCH = YES;
				SDKROOT = macosx;
				SWIFT_ACTIVE_COMPILATION_CONDITIONS = DEBUG;
				SWIFT_OPTIMIZATION_LEVEL = "-Onone";
			};
			name = Debug;
		};
		B5859C5B213F83F000C71222 /* Release */ = {
			isa = XCBuildConfiguration;
			buildSettings = {
				ALWAYS_SEARCH_USER_PATHS = NO;
				CLANG_ANALYZER_NONNULL = YES;
				CLANG_ANALYZER_NUMBER_OBJECT_CONVERSION = YES_AGGRESSIVE;
				CLANG_CXX_LANGUAGE_STANDARD = "gnu++14";
				CLANG_CXX_LIBRARY = "libc++";
				CLANG_ENABLE_MODULES = YES;
				CLANG_ENABLE_OBJC_ARC = YES;
				CLANG_ENABLE_OBJC_WEAK = YES;
				CLANG_WARN_BLOCK_CAPTURE_AUTORELEASING = YES;
				CLANG_WARN_BOOL_CONVERSION = YES;
				CLANG_WARN_COMMA = YES;
				CLANG_WARN_CONSTANT_CONVERSION = YES;
				CLANG_WARN_DEPRECATED_OBJC_IMPLEMENTATIONS = YES;
				CLANG_WARN_DIRECT_OBJC_ISA_USAGE = YES_ERROR;
				CLANG_WARN_DOCUMENTATION_COMMENTS = YES;
				CLANG_WARN_EMPTY_BODY = YES;
				CLANG_WARN_ENUM_CONVERSION = YES;
				CLANG_WARN_INFINITE_RECURSION = YES;
				CLANG_WARN_INT_CONVERSION = YES;
				CLANG_WARN_NON_LITERAL_NULL_CONVERSION = YES;
				CLANG_WARN_OBJC_IMPLICIT_RETAIN_SELF = YES;
				CLANG_WARN_OBJC_LITERAL_CONVERSION = YES;
				CLANG_WARN_OBJC_ROOT_CLASS = YES_ERROR;
				CLANG_WARN_RANGE_LOOP_ANALYSIS = YES;
				CLANG_WARN_STRICT_PROTOTYPES = YES;
				CLANG_WARN_SUSPICIOUS_MOVE = YES;
				CLANG_WARN_UNGUARDED_AVAILABILITY = YES_AGGRESSIVE;
				CLANG_WARN_UNREACHABLE_CODE = YES;
				CLANG_WARN__DUPLICATE_METHOD_MATCH = YES;
				CODE_SIGN_IDENTITY = "Mac Developer";
				COPY_PHASE_STRIP = NO;
				DEBUG_INFORMATION_FORMAT = "dwarf-with-dsym";
				ENABLE_NS_ASSERTIONS = NO;
				ENABLE_STRICT_OBJC_MSGSEND = YES;
				GCC_C_LANGUAGE_STANDARD = gnu11;
				GCC_NO_COMMON_BLOCKS = YES;
				GCC_WARN_64_TO_32_BIT_CONVERSION = YES;
				GCC_WARN_ABOUT_RETURN_TYPE = YES_ERROR;
				GCC_WARN_UNDECLARED_SELECTOR = YES;
				GCC_WARN_UNINITIALIZED_AUTOS = YES_AGGRESSIVE;
				GCC_WARN_UNUSED_FUNCTION = YES;
				GCC_WARN_UNUSED_VARIABLE = YES;
				MACOSX_DEPLOYMENT_TARGET = 10.13;
				MTL_ENABLE_DEBUG_INFO = NO;
				SDKROOT = macosx;
				SWIFT_COMPILATION_MODE = wholemodule;
				SWIFT_OPTIMIZATION_LEVEL = "-O";
			};
			name = Release;
		};
		B5859C5D213F83F000C71222 /* Debug */ = {
			isa = XCBuildConfiguration;
			buildSettings = {
				ASSETCATALOG_COMPILER_APPICON_NAME = AppIcon;
				CLANG_ENABLE_MODULES = YES;
				CODE_SIGN_ENTITLEMENTS = PinkGoatApp/PinkGoatApp.entitlements;
				CODE_SIGN_STYLE = Automatic;
				COMBINE_HIDPI_IMAGES = YES;
				DEVELOPMENT_TEAM = Q273YZ238V;
				HEADER_SEARCH_PATHS = "\"$(SRCROOT)/PinkGoatApp/bullet\"";
				INFOPLIST_FILE = PinkGoatApp/Info.plist;
				LD_RUNPATH_SEARCH_PATHS = (
					"$(inherited)",
					"@executable_path/../Frameworks",
				);
				LIBRARY_SEARCH_PATHS = /usr/local/lib;
				PRODUCT_BUNDLE_IDENTIFIER = pinkgoat.PinkGoatApp;
				PRODUCT_NAME = "$(TARGET_NAME)";
				SWIFT_OBJC_BRIDGING_HEADER = "PinkGoatApp/PinkGoatApp-Bridging-Header.h";
				SWIFT_OPTIMIZATION_LEVEL = "-Onone";
				SWIFT_VERSION = 4.0;
			};
			name = Debug;
		};
		B5859C5E213F83F000C71222 /* Release */ = {
			isa = XCBuildConfiguration;
			buildSettings = {
				ASSETCATALOG_COMPILER_APPICON_NAME = AppIcon;
				CLANG_ENABLE_MODULES = YES;
				CODE_SIGN_ENTITLEMENTS = PinkGoatApp/PinkGoatApp.entitlements;
				CODE_SIGN_STYLE = Automatic;
				COMBINE_HIDPI_IMAGES = YES;
				DEVELOPMENT_TEAM = Q273YZ238V;
				HEADER_SEARCH_PATHS = "\"$(SRCROOT)/PinkGoatApp/bullet\"";
				INFOPLIST_FILE = PinkGoatApp/Info.plist;
				LD_RUNPATH_SEARCH_PATHS = (
					"$(inherited)",
					"@executable_path/../Frameworks",
				);
				LIBRARY_SEARCH_PATHS = /usr/local/lib;
				PRODUCT_BUNDLE_IDENTIFIER = pinkgoat.PinkGoatApp;
				PRODUCT_NAME = "$(TARGET_NAME)";
				SWIFT_OBJC_BRIDGING_HEADER = "PinkGoatApp/PinkGoatApp-Bridging-Header.h";
				SWIFT_VERSION = 4.0;
			};
			name = Release;
		};
		B5859C60213F83F000C71222 /* Debug */ = {
			isa = XCBuildConfiguration;
			buildSettings = {
				ALWAYS_EMBED_SWIFT_STANDARD_LIBRARIES = YES;
				BUNDLE_LOADER = "$(TEST_HOST)";
				CODE_SIGN_STYLE = Automatic;
				COMBINE_HIDPI_IMAGES = YES;
				DEVELOPMENT_TEAM = Q273YZ238V;
				INFOPLIST_FILE = PinkGoatAppTests/Info.plist;
				LD_RUNPATH_SEARCH_PATHS = (
					"$(inherited)",
					"@executable_path/../Frameworks",
					"@loader_path/../Frameworks",
				);
				PRODUCT_BUNDLE_IDENTIFIER = pinkgoat.PinkGoatAppTests;
				PRODUCT_NAME = "$(TARGET_NAME)";
				SWIFT_VERSION = 4.0;
				TEST_HOST = "$(BUILT_PRODUCTS_DIR)/PinkGoatApp.app/Contents/MacOS/PinkGoatApp";
			};
			name = Debug;
		};
		B5859C61213F83F000C71222 /* Release */ = {
			isa = XCBuildConfiguration;
			buildSettings = {
				ALWAYS_EMBED_SWIFT_STANDARD_LIBRARIES = YES;
				BUNDLE_LOADER = "$(TEST_HOST)";
				CODE_SIGN_STYLE = Automatic;
				COMBINE_HIDPI_IMAGES = YES;
				DEVELOPMENT_TEAM = Q273YZ238V;
				INFOPLIST_FILE = PinkGoatAppTests/Info.plist;
				LD_RUNPATH_SEARCH_PATHS = (
					"$(inherited)",
					"@executable_path/../Frameworks",
					"@loader_path/../Frameworks",
				);
				PRODUCT_BUNDLE_IDENTIFIER = pinkgoat.PinkGoatAppTests;
				PRODUCT_NAME = "$(TARGET_NAME)";
				SWIFT_VERSION = 4.0;
				TEST_HOST = "$(BUILT_PRODUCTS_DIR)/PinkGoatApp.app/Contents/MacOS/PinkGoatApp";
			};
			name = Release;
		};
/* End XCBuildConfiguration section */

/* Begin XCConfigurationList section */
		B5859C3C213F83EF00C71222 /* Build configuration list for PBXProject "PinkGoatApp" */ = {
			isa = XCConfigurationList;
			buildConfigurations = (
				B5859C5A213F83F000C71222 /* Debug */,
				B5859C5B213F83F000C71222 /* Release */,
			);
			defaultConfigurationIsVisible = 0;
			defaultConfigurationName = Release;
		};
		B5859C5C213F83F000C71222 /* Build configuration list for PBXNativeTarget "PinkGoatApp" */ = {
			isa = XCConfigurationList;
			buildConfigurations = (
				B5859C5D213F83F000C71222 /* Debug */,
				B5859C5E213F83F000C71222 /* Release */,
			);
			defaultConfigurationIsVisible = 0;
			defaultConfigurationName = Release;
		};
		B5859C5F213F83F000C71222 /* Build configuration list for PBXNativeTarget "PinkGoatAppTests" */ = {
			isa = XCConfigurationList;
			buildConfigurations = (
				B5859C60213F83F000C71222 /* Debug */,
				B5859C61213F83F000C71222 /* Release */,
			);
			defaultConfigurationIsVisible = 0;
			defaultConfigurationName = Release;
		};
/* End XCConfigurationList section */
	};
	rootObject = B5859C39213F83EF00C71222 /* Project object */;
}
