// !$*UTF8*$!
{
	archiveVersion = 1;
	classes = {
	};
	objectVersion = 50;
	objects = {

/* Begin PBXBuildFile section */
		B5859C45213F83EF00C71222 /* AppDelegate.swift in Sources */ = {isa = PBXBuildFile; fileRef = B5859C44213F83EF00C71222 /* AppDelegate.swift */; };
		B5859C47213F83EF00C71222 /* ViewController.swift in Sources */ = {isa = PBXBuildFile; fileRef = B5859C46213F83EF00C71222 /* ViewController.swift */; };
		B5859C49213F83EF00C71222 /* Assets.xcassets in Resources */ = {isa = PBXBuildFile; fileRef = B5859C48213F83EF00C71222 /* Assets.xcassets */; };
		B5859C4C213F83EF00C71222 /* Main.storyboard in Resources */ = {isa = PBXBuildFile; fileRef = B5859C4A213F83EF00C71222 /* Main.storyboard */; };
		B5859C58213F83F000C71222 /* PinkGoatAppTests.swift in Sources */ = {isa = PBXBuildFile; fileRef = B5859C57213F83F000C71222 /* PinkGoatAppTests.swift */; };
/* End PBXBuildFile section */

/* Begin PBXContainerItemProxy section */
		B5859C54213F83F000C71222 /* PBXContainerItemProxy */ = {
			isa = PBXContainerItemProxy;
			containerPortal = B5859C39213F83EF00C71222 /* Project object */;
			proxyType = 1;
			remoteGlobalIDString = B5859C40213F83EF00C71222;
			remoteInfo = PinkGoatApp;
		};
/* End PBXContainerItemProxy section */

/* Begin PBXFileReference section */
		B5859C41213F83EF00C71222 /* PinkGoatApp.app */ = {isa = PBXFileReference; explicitFileType = wrapper.application; includeInIndex = 0; path = PinkGoatApp.app; sourceTree = BUILT_PRODUCTS_DIR; };
		B5859C44213F83EF00C71222 /* AppDelegate.swift */ = {isa = PBXFileReference; lastKnownFileType = sourcecode.swift; path = AppDelegate.swift; sourceTree = "<group>"; };
		B5859C46213F83EF00C71222 /* ViewController.swift */ = {isa = PBXFileReference; lastKnownFileType = sourcecode.swift; path = ViewController.swift; sourceTree = "<group>"; };
		B5859C48213F83EF00C71222 /* Assets.xcassets */ = {isa = PBXFileReference; lastKnownFileType = folder.assetcatalog; path = Assets.xcassets; sourceTree = "<group>"; };
		B5859C4B213F83EF00C71222 /* Base */ = {isa = PBXFileReference; lastKnownFileType = file.storyboard; name = Base; path = Base.lproj/Main.storyboard; sourceTree = "<group>"; };
		B5859C4D213F83EF00C71222 /* Info.plist */ = {isa = PBXFileReference; lastKnownFileType = text.plist.xml; path = Info.plist; sourceTree = "<group>"; };
		B5859C4E213F83EF00C71222 /* PinkGoatApp.entitlements */ = {isa = PBXFileReference; lastKnownFileType = text.plist.entitlements; path = PinkGoatApp.entitlements; sourceTree = "<group>"; };
		B5859C53213F83F000C71222 /* PinkGoatAppTests.xctest */ = {isa = PBXFileReference; explicitFileType = wrapper.cfbundle; includeInIndex = 0; path = PinkGoatAppTests.xctest; sourceTree = BUILT_PRODUCTS_DIR; };
		B5859C57213F83F000C71222 /* PinkGoatAppTests.swift */ = {isa = PBXFileReference; lastKnownFileType = sourcecode.swift; path = PinkGoatAppTests.swift; sourceTree = "<group>"; };
		B5859C59213F83F000C71222 /* Info.plist */ = {isa = PBXFileReference; lastKnownFileType = text.plist.xml; path = Info.plist; sourceTree = "<group>"; };
/* End PBXFileReference section */

/* Begin PBXFrameworksBuildPhase section */
		B5859C3E213F83EF00C71222 /* Frameworks */ = {
			isa = PBXFrameworksBuildPhase;
			buildActionMask = 2147483647;
			files = (
			);
			runOnlyForDeploymentPostprocessing = 0;
		};
		B5859C50213F83F000C71222 /* Frameworks */ = {
			isa = PBXFrameworksBuildPhase;
			buildActionMask = 2147483647;
			files = (
			);
			runOnlyForDeploymentPostprocessing = 0;
		};
/* End PBXFrameworksBuildPhase section */

/* Begin PBXGroup section */
		B5859C38213F83EF00C71222 = {
			isa = PBXGroup;
			children = (
				B5859C43213F83EF00C71222 /* PinkGoatApp */,
				B5859C56213F83F000C71222 /* PinkGoatAppTests */,
				B5859C42213F83EF00C71222 /* Products */,
			);
			sourceTree = "<group>";
		};
		B5859C42213F83EF00C71222 /* Products */ = {
			isa = PBXGroup;
			children = (
				B5859C41213F83EF00C71222 /* PinkGoatApp.app */,
				B5859C53213F83F000C71222 /* PinkGoatAppTests.xctest */,
			);
			name = Products;
			sourceTree = "<group>";
		};
		B5859C43213F83EF00C71222 /* PinkGoatApp */ = {
			isa = PBXGroup;
			children = (
				B5859C44213F83EF00C71222 /* AppDelegate.swift */,
				B5859C46213F83EF00C71222 /* ViewController.swift */,
				B5859C48213F83EF00C71222 /* Assets.xcassets */,
				B5859C4A213F83EF00C71222 /* Main.storyboard */,
				B5859C4D213F83EF00C71222 /* Info.plist */,
				B5859C4E213F83EF00C71222 /* PinkGoatApp.entitlements */,
			);
			path = PinkGoatApp;
			sourceTree = "<group>";
		};
		B5859C56213F83F000C71222 /* PinkGoatAppTests */ = {
			isa = PBXGroup;
			children = (
				B5859C57213F83F000C71222 /* PinkGoatAppTests.swift */,
				B5859C59213F83F000C71222 /* Info.plist */,
			);
			path = PinkGoatAppTests;
			sourceTree = "<group>";
		};
/* End PBXGroup section */

/* Begin PBXNativeTarget section */
		B5859C40213F83EF00C71222 /* PinkGoatApp */ = {
			isa = PBXNativeTarget;
			buildConfigurationList = B5859C5C213F83F000C71222 /* Build configuration list for PBXNativeTarget "PinkGoatApp" */;
			buildPhases = (
				B5859C3D213F83EF00C71222 /* Sources */,
				B5859C3E213F83EF00C71222 /* Frameworks */,
				B5859C3F213F83EF00C71222 /* Resources */,
			);
			buildRules = (
			);
			dependencies = (
			);
			name = PinkGoatApp;
			productName = PinkGoatApp;
			productReference = B5859C41213F83EF00C71222 /* PinkGoatApp.app */;
			productType = "com.apple.product-type.application";
		};
		B5859C52213F83F000C71222 /* PinkGoatAppTests */ = {
			isa = PBXNativeTarget;
			buildConfigurationList = B5859C5F213F83F000C71222 /* Build configuration list for PBXNativeTarget "PinkGoatAppTests" */;
			buildPhases = (
				B5859C4F213F83F000C71222 /* Sources */,
				B5859C50213F83F000C71222 /* Frameworks */,
				B5859C51213F83F000C71222 /* Resources */,
			);
			buildRules = (
			);
			dependencies = (
				B5859C55213F83F000C71222 /* PBXTargetDependency */,
			);
			name = PinkGoatAppTests;
			productName = PinkGoatAppTests;
			productReference = B5859C53213F83F000C71222 /* PinkGoatAppTests.xctest */;
			productType = "com.apple.product-type.bundle.unit-test";
		};
/* End PBXNativeTarget section */

/* Begin PBXProject section */
		B5859C39213F83EF00C71222 /* Project object */ = {
			isa = PBXProject;
			attributes = {
				LastSwiftUpdateCheck = 0940;
				LastUpgradeCheck = 0940;
				ORGANIZATIONNAME = "Roy Li";
				TargetAttributes = {
					B5859C40213F83EF00C71222 = {
						CreatedOnToolsVersion = 9.4.1;
					};
					B5859C52213F83F000C71222 = {
						CreatedOnToolsVersion = 9.4.1;
						TestTargetID = B5859C40213F83EF00C71222;
					};
				};
			};
			buildConfigurationList = B5859C3C213F83EF00C71222 /* Build configuration list for PBXProject "PinkGoatApp" */;
			compatibilityVersion = "Xcode 9.3";
			developmentRegion = en;
			hasScannedForEncodings = 0;
			knownRegions = (
				en,
				Base,
			);
			mainGroup = B5859C38213F83EF00C71222;
			productRefGroup = B5859C42213F83EF00C71222 /* Products */;
			projectDirPath = "";
			projectRoot = "";
			targets = (
				B5859C40213F83EF00C71222 /* PinkGoatApp */,
				B5859C52213F83F000C71222 /* PinkGoatAppTests */,
			);
		};
/* End PBXProject section */

/* Begin PBXResourcesBuildPhase section */
		B5859C3F213F83EF00C71222 /* Resources */ = {
			isa = PBXResourcesBuildPhase;
			buildActionMask = 2147483647;
			files = (
				B5859C49213F83EF00C71222 /* Assets.xcassets in Resources */,
				B5859C4C213F83EF00C71222 /* Main.storyboard in Resources */,
			);
			runOnlyForDeploymentPostprocessing = 0;
		};
		B5859C51213F83F000C71222 /* Resources */ = {
			isa = PBXResourcesBuildPhase;
			buildActionMask = 2147483647;
			files = (
			);
			runOnlyForDeploymentPostprocessing = 0;
		};
/* End PBXResourcesBuildPhase section */

/* Begin PBXSourcesBuildPhase section */
		B5859C3D213F83EF00C71222 /* Sources */ = {
			isa = PBXSourcesBuildPhase;
			buildActionMask = 2147483647;
			files = (
				B5859C47213F83EF00C71222 /* ViewController.swift in Sources */,
				B5859C45213F83EF00C71222 /* AppDelegate.swift in Sources */,
			);
			runOnlyForDeploymentPostprocessing = 0;
		};
		B5859C4F213F83F000C71222 /* Sources */ = {
			isa = PBXSourcesBuildPhase;
			buildActionMask = 2147483647;
			files = (
				B5859C58213F83F000C71222 /* PinkGoatAppTests.swift in Sources */,
			);
			runOnlyForDeploymentPostprocessing = 0;
		};
/* End PBXSourcesBuildPhase section */

/* Begin PBXTargetDependency section */
		B5859C55213F83F000C71222 /* PBXTargetDependency */ = {
			isa = PBXTargetDependency;
			target = B5859C40213F83EF00C71222 /* PinkGoatApp */;
			targetProxy = B5859C54213F83F000C71222 /* PBXContainerItemProxy */;
		};
/* End PBXTargetDependency section */

/* Begin PBXVariantGroup section */
		B5859C4A213F83EF00C71222 /* Main.storyboard */ = {
			isa = PBXVariantGroup;
			children = (
				B5859C4B213F83EF00C71222 /* Base */,
			);
			name = Main.storyboard;
			sourceTree = "<group>";
		};
/* End PBXVariantGroup section */

/* Begin XCBuildConfiguration section */
		B5859C5A213F83F000C71222 /* Debug */ = {
			isa = XCBuildConfiguration;
			buildSettings = {
				ALWAYS_SEARCH_USER_PATHS = NO;
				CLANG_ANALYZER_NONNULL = YES;
				CLANG_ANALYZER_NUMBER_OBJECT_CONVERSION = YES_AGGRESSIVE;
				CLANG_CXX_LANGUAGE_STANDARD = "gnu++14";
				CLANG_CXX_LIBRARY = "libc++";
				CLANG_ENABLE_MODULES = YES;
				CLANG_ENABLE_OBJC_ARC = YES;
				CLANG_ENABLE_OBJC_WEAK = YES;
				CLANG_WARN_BLOCK_CAPTURE_AUTORELEASING = YES;
				CLANG_WARN_BOOL_CONVERSION = YES;
				CLANG_WARN_COMMA = YES;
				CLANG_WARN_CONSTANT_CONVERSION = YES;
				CLANG_WARN_DEPRECATED_OBJC_IMPLEMENTATIONS = YES;
				CLANG_WARN_DIRECT_OBJC_ISA_USAGE = YES_ERROR;
				CLANG_WARN_DOCUMENTATION_COMMENTS = YES;
				CLANG_WARN_EMPTY_BODY = YES;
				CLANG_WARN_ENUM_CONVERSION = YES;
				CLANG_WARN_INFINITE_RECURSION = YES;
				CLANG_WARN_INT_CONVERSION = YES;
				CLANG_WARN_NON_LITERAL_NULL_CONVERSION = YES;
				CLANG_WARN_OBJC_IMPLICIT_RETAIN_SELF = YES;
				CLANG_WARN_OBJC_LITERAL_CONVERSION = YES;
				CLANG_WARN_OBJC_ROOT_CLASS = YES_ERROR;
				CLANG_WARN_RANGE_LOOP_ANALYSIS = YES;
				CLANG_WARN_STRICT_PROTOTYPES = YES;
				CLANG_WARN_SUSPICIOUS_MOVE = YES;
				CLANG_WARN_UNGUARDED_AVAILABILITY = YES_AGGRESSIVE;
				CLANG_WARN_UNREACHABLE_CODE = YES;
				CLANG_WARN__DUPLICATE_METHOD_MATCH = YES;
				CODE_SIGN_IDENTITY = "Mac Developer";
				COPY_PHASE_STRIP = NO;
				DEBUG_INFORMATION_FORMAT = dwarf;
				ENABLE_STRICT_OBJC_MSGSEND = YES;
				ENABLE_TESTABILITY = YES;
				GCC_C_LANGUAGE_STANDARD = gnu11;
				GCC_DYNAMIC_NO_PIC = NO;
				GCC_NO_COMMON_BLOCKS = YES;
				GCC_OPTIMIZATION_LEVEL = 0;
				GCC_PREPROCESSOR_DEFINITIONS = (
					"DEBUG=1",
					"$(inherited)",
				);
				GCC_WARN_64_TO_32_BIT_CONVERSION = YES;
				GCC_WARN_ABOUT_RETURN_TYPE = YES_ERROR;
				GCC_WARN_UNDECLARED_SELECTOR = YES;
				GCC_WARN_UNINITIALIZED_AUTOS = YES_AGGRESSIVE;
				GCC_WARN_UNUSED_FUNCTION = YES;
				GCC_WARN_UNUSED_VARIABLE = YES;
				MACOSX_DEPLOYMENT_TARGET = 10.13;
				MTL_ENABLE_DEBUG_INFO = YES;
				ONLY_ACTIVE_ARCH = YES;
				SDKROOT = macosx;
				SWIFT_ACTIVE_COMPILATION_CONDITIONS = DEBUG;
				SWIFT_OPTIMIZATION_LEVEL = "-Onone";
			};
			name = Debug;
		};
		B5859C5B213F83F000C71222 /* Release */ = {
			isa = XCBuildConfiguration;
			buildSettings = {
				ALWAYS_SEARCH_USER_PATHS = NO;
				CLANG_ANALYZER_NONNULL = YES;
				CLANG_ANALYZER_NUMBER_OBJECT_CONVERSION = YES_AGGRESSIVE;
				CLANG_CXX_LANGUAGE_STANDARD = "gnu++14";
				CLANG_CXX_LIBRARY = "libc++";
				CLANG_ENABLE_MODULES = YES;
				CLANG_ENABLE_OBJC_ARC = YES;
				CLANG_ENABLE_OBJC_WEAK = YES;
				CLANG_WARN_BLOCK_CAPTURE_AUTORELEASING = YES;
				CLANG_WARN_BOOL_CONVERSION = YES;
				CLANG_WARN_COMMA = YES;
				CLANG_WARN_CONSTANT_CONVERSION = YES;
				CLANG_WARN_DEPRECATED_OBJC_IMPLEMENTATIONS = YES;
				CLANG_WARN_DIRECT_OBJC_ISA_USAGE = YES_ERROR;
				CLANG_WARN_DOCUMENTATION_COMMENTS = YES;
				CLANG_WARN_EMPTY_BODY = YES;
				CLANG_WARN_ENUM_CONVERSION = YES;
				CLANG_WARN_INFINITE_RECURSION = YES;
				CLANG_WARN_INT_CONVERSION = YES;
				CLANG_WARN_NON_LITERAL_NULL_CONVERSION = YES;
				CLANG_WARN_OBJC_IMPLICIT_RETAIN_SELF = YES;
				CLANG_WARN_OBJC_LITERAL_CONVERSION = YES;
				CLANG_WARN_OBJC_ROOT_CLASS = YES_ERROR;
				CLANG_WARN_RANGE_LOOP_ANALYSIS = YES;
				CLANG_WARN_STRICT_PROTOTYPES = YES;
				CLANG_WARN_SUSPICIOUS_MOVE = YES;
				CLANG_WARN_UNGUARDED_AVAILABILITY = YES_AGGRESSIVE;
				CLANG_WARN_UNREACHABLE_CODE = YES;
				CLANG_WARN__DUPLICATE_METHOD_MATCH = YES;
				CODE_SIGN_IDENTITY = "Mac Developer";
				COPY_PHASE_STRIP = NO;
				DEBUG_INFORMATION_FORMAT = "dwarf-with-dsym";
				ENABLE_NS_ASSERTIONS = NO;
				ENABLE_STRICT_OBJC_MSGSEND = YES;
				GCC_C_LANGUAGE_STANDARD = gnu11;
				GCC_NO_COMMON_BLOCKS = YES;
				GCC_WARN_64_TO_32_BIT_CONVERSION = YES;
				GCC_WARN_ABOUT_RETURN_TYPE = YES_ERROR;
				GCC_WARN_UNDECLARED_SELECTOR = YES;
				GCC_WARN_UNINITIALIZED_AUTOS = YES_AGGRESSIVE;
				GCC_WARN_UNUSED_FUNCTION = YES;
				GCC_WARN_UNUSED_VARIABLE = YES;
				MACOSX_DEPLOYMENT_TARGET = 10.13;
				MTL_ENABLE_DEBUG_INFO = NO;
				SDKROOT = macosx;
				SWIFT_COMPILATION_MODE = wholemodule;
				SWIFT_OPTIMIZATION_LEVEL = "-O";
			};
			name = Release;
		};
		B5859C5D213F83F000C71222 /* Debug */ = {
			isa = XCBuildConfiguration;
			buildSettings = {
				ASSETCATALOG_COMPILER_APPICON_NAME = AppIcon;
				CODE_SIGN_ENTITLEMENTS = PinkGoatApp/PinkGoatApp.entitlements;
				CODE_SIGN_STYLE = Automatic;
				COMBINE_HIDPI_IMAGES = YES;
				DEVELOPMENT_TEAM = Q273YZ238V;
				INFOPLIST_FILE = PinkGoatApp/Info.plist;
				LD_RUNPATH_SEARCH_PATHS = (
					"$(inherited)",
					"@executable_path/../Frameworks",
				);
				PRODUCT_BUNDLE_IDENTIFIER = pinkgoat.PinkGoatApp;
				PRODUCT_NAME = "$(TARGET_NAME)";
				SWIFT_VERSION = 4.0;
			};
			name = Debug;
		};
		B5859C5E213F83F000C71222 /* Release */ = {
			isa = XCBuildConfiguration;
			buildSettings = {
				ASSETCATALOG_COMPILER_APPICON_NAME = AppIcon;
				CODE_SIGN_ENTITLEMENTS = PinkGoatApp/PinkGoatApp.entitlements;
				CODE_SIGN_STYLE = Automatic;
				COMBINE_HIDPI_IMAGES = YES;
				DEVELOPMENT_TEAM = Q273YZ238V;
				INFOPLIST_FILE = PinkGoatApp/Info.plist;
				LD_RUNPATH_SEARCH_PATHS = (
					"$(inherited)",
					"@executable_path/../Frameworks",
				);
				PRODUCT_BUNDLE_IDENTIFIER = pinkgoat.PinkGoatApp;
				PRODUCT_NAME = "$(TARGET_NAME)";
				SWIFT_VERSION = 4.0;
			};
			name = Release;
		};
		B5859C60213F83F000C71222 /* Debug */ = {
			isa = XCBuildConfiguration;
			buildSettings = {
				ALWAYS_EMBED_SWIFT_STANDARD_LIBRARIES = YES;
				BUNDLE_LOADER = "$(TEST_HOST)";
				CODE_SIGN_STYLE = Automatic;
				COMBINE_HIDPI_IMAGES = YES;
				DEVELOPMENT_TEAM = Q273YZ238V;
				INFOPLIST_FILE = PinkGoatAppTests/Info.plist;
				LD_RUNPATH_SEARCH_PATHS = (
					"$(inherited)",
					"@executable_path/../Frameworks",
					"@loader_path/../Frameworks",
				);
				PRODUCT_BUNDLE_IDENTIFIER = pinkgoat.PinkGoatAppTests;
				PRODUCT_NAME = "$(TARGET_NAME)";
				SWIFT_VERSION = 4.0;
				TEST_HOST = "$(BUILT_PRODUCTS_DIR)/PinkGoatApp.app/Contents/MacOS/PinkGoatApp";
			};
			name = Debug;
		};
		B5859C61213F83F000C71222 /* Release */ = {
			isa = XCBuildConfiguration;
			buildSettings = {
				ALWAYS_EMBED_SWIFT_STANDARD_LIBRARIES = YES;
				BUNDLE_LOADER = "$(TEST_HOST)";
				CODE_SIGN_STYLE = Automatic;
				COMBINE_HIDPI_IMAGES = YES;
				DEVELOPMENT_TEAM = Q273YZ238V;
				INFOPLIST_FILE = PinkGoatAppTests/Info.plist;
				LD_RUNPATH_SEARCH_PATHS = (
					"$(inherited)",
					"@executable_path/../Frameworks",
					"@loader_path/../Frameworks",
				);
				PRODUCT_BUNDLE_IDENTIFIER = pinkgoat.PinkGoatAppTests;
				PRODUCT_NAME = "$(TARGET_NAME)";
				SWIFT_VERSION = 4.0;
				TEST_HOST = "$(BUILT_PRODUCTS_DIR)/PinkGoatApp.app/Contents/MacOS/PinkGoatApp";
			};
			name = Release;
		};
/* End XCBuildConfiguration section */

/* Begin XCConfigurationList section */
		B5859C3C213F83EF00C71222 /* Build configuration list for PBXProject "PinkGoatApp" */ = {
			isa = XCConfigurationList;
			buildConfigurations = (
				B5859C5A213F83F000C71222 /* Debug */,
				B5859C5B213F83F000C71222 /* Release */,
			);
			defaultConfigurationIsVisible = 0;
			defaultConfigurationName = Release;
		};
		B5859C5C213F83F000C71222 /* Build configuration list for PBXNativeTarget "PinkGoatApp" */ = {
			isa = XCConfigurationList;
			buildConfigurations = (
				B5859C5D213F83F000C71222 /* Debug */,
				B5859C5E213F83F000C71222 /* Release */,
			);
			defaultConfigurationIsVisible = 0;
			defaultConfigurationName = Release;
		};
		B5859C5F213F83F000C71222 /* Build configuration list for PBXNativeTarget "PinkGoatAppTests" */ = {
			isa = XCConfigurationList;
			buildConfigurations = (
				B5859C60213F83F000C71222 /* Debug */,
				B5859C61213F83F000C71222 /* Release */,
			);
			defaultConfigurationIsVisible = 0;
			defaultConfigurationName = Release;
		};
/* End XCConfigurationList section */
	};
	rootObject = B5859C39213F83EF00C71222 /* Project object */;
}
