// !$*UTF8*$!
{
	archiveVersion = 1;
	classes = {
	};
	objectVersion = 50;
	objects = {

/* Begin PBXBuildFile section */
		B5213397218264F300875C68 /* PGCollisionShapeGraphicsGenerator.mm in Sources */ = {isa = PBXBuildFile; fileRef = B5213396218264F300875C68 /* PGCollisionShapeGraphicsGenerator.mm */; };
		B521339E2183905500875C68 /* PGMTKView.m in Sources */ = {isa = PBXBuildFile; fileRef = B521339D2183905500875C68 /* PGMTKView.m */; };
		B526B14221438B6700FBA6D7 /* UrdfParser.mm in Sources */ = {isa = PBXBuildFile; fileRef = B526B14121438B6700FBA6D7 /* UrdfParser.mm */; };
		B526B14621438BFD00FBA6D7 /* tinyxml2.mm in Sources */ = {isa = PBXBuildFile; fileRef = B526B14521438BFD00FBA6D7 /* tinyxml2.mm */; };
		B526B14921438C5000FBA6D7 /* urdfStringSplit.mm in Sources */ = {isa = PBXBuildFile; fileRef = B526B14721438C4F00FBA6D7 /* urdfStringSplit.mm */; };
		B526B2202148D29100FBA6D7 /* BulletUrdfImporter.mm in Sources */ = {isa = PBXBuildFile; fileRef = B526B21E2148D29100FBA6D7 /* BulletUrdfImporter.mm */; };
		B526B224214A25CB00FBA6D7 /* b3ResourcePath.cpp in Sources */ = {isa = PBXBuildFile; fileRef = B526B222214A25CA00FBA6D7 /* b3ResourcePath.cpp */; };
		B526B227214A263D00FBA6D7 /* tiny_obj_loader.cpp in Sources */ = {isa = PBXBuildFile; fileRef = B526B226214A263C00FBA6D7 /* tiny_obj_loader.cpp */; };
		B526B22B214A275800FBA6D7 /* LoadMeshFromObj.cpp in Sources */ = {isa = PBXBuildFile; fileRef = B526B229214A275700FBA6D7 /* LoadMeshFromObj.cpp */; };
		B526B233214A283B00FBA6D7 /* LoadMeshFromCollada.cpp in Sources */ = {isa = PBXBuildFile; fileRef = B526B231214A283B00FBA6D7 /* LoadMeshFromCollada.cpp */; };
		B526B237214A28CA00FBA6D7 /* b3ImportMeshUtility.cpp in Sources */ = {isa = PBXBuildFile; fileRef = B526B235214A28CA00FBA6D7 /* b3ImportMeshUtility.cpp */; };
		B526B23B214A297100FBA6D7 /* stb_image.cpp in Sources */ = {isa = PBXBuildFile; fileRef = B526B23A214A297100FBA6D7 /* stb_image.cpp */; };
		B5311BD921D7421F00212FE9 /* PGPIDController.m in Sources */ = {isa = PBXBuildFile; fileRef = B5311BD821D7421F00212FE9 /* PGPIDController.m */; };
		B5311BDD21D7F02200212FE9 /* PGRobot.mm in Sources */ = {isa = PBXBuildFile; fileRef = B5311BDC21D7F02200212FE9 /* PGRobot.mm */; };
		B55AFB20222E41CF003E4C58 /* Gripper.mm in Sources */ = {isa = PBXBuildFile; fileRef = B55AFB1F222E41CF003E4C58 /* Gripper.mm */; };
		B55AFBF1222F835D003E4C58 /* JointMotor.mm in Sources */ = {isa = PBXBuildFile; fileRef = B55AFBF0222F835D003E4C58 /* JointMotor.mm */; };
		B57BD2252180EAA000463D9F /* PGSimulation.mm in Sources */ = {isa = PBXBuildFile; fileRef = B57BD2242180EAA000463D9F /* PGSimulation.mm */; };
		B57BD2282180EB9200463D9F /* PGScene.m in Sources */ = {isa = PBXBuildFile; fileRef = B57BD2272180EB9200463D9F /* PGScene.m */; };
		B57BD22D2180EC3D00463D9F /* PGEntity.m in Sources */ = {isa = PBXBuildFile; fileRef = B57BD22C2180EC3D00463D9F /* PGEntity.m */; };
		B583BACE21608C06005E1332 /* CollisionShape2TriangleMesh.cpp in Sources */ = {isa = PBXBuildFile; fileRef = B583BACC21608C06005E1332 /* CollisionShape2TriangleMesh.cpp */; };
		B5859C45213F83EF00C71222 /* AppDelegate.swift in Sources */ = {isa = PBXBuildFile; fileRef = B5859C44213F83EF00C71222 /* AppDelegate.swift */; };
		B5859C47213F83EF00C71222 /* ViewController.swift in Sources */ = {isa = PBXBuildFile; fileRef = B5859C46213F83EF00C71222 /* ViewController.swift */; };
		B5859C49213F83EF00C71222 /* Assets.xcassets in Resources */ = {isa = PBXBuildFile; fileRef = B5859C48213F83EF00C71222 /* Assets.xcassets */; };
		B5859C4C213F83EF00C71222 /* Main.storyboard in Resources */ = {isa = PBXBuildFile; fileRef = B5859C4A213F83EF00C71222 /* Main.storyboard */; };
		B5859C58213F83F000C71222 /* PinkGoatAppTests.swift in Sources */ = {isa = PBXBuildFile; fileRef = B5859C57213F83F000C71222 /* PinkGoatAppTests.swift */; };
		B5859C63213F849A00C71222 /* bullet in Resources */ = {isa = PBXBuildFile; fileRef = B5859C62213F849A00C71222 /* bullet */; };
		B5859C75213F84E800C71222 /* libBullet3Dynamics.a in Frameworks */ = {isa = PBXBuildFile; fileRef = B5859C65213F84E700C71222 /* libBullet3Dynamics.a */; };
		B5859C76213F84E800C71222 /* libBullet3Geometry.a in Frameworks */ = {isa = PBXBuildFile; fileRef = B5859C66213F84E800C71222 /* libBullet3Geometry.a */; };
		B5859C77213F84E800C71222 /* libBullet3Collision.a in Frameworks */ = {isa = PBXBuildFile; fileRef = B5859C67213F84E800C71222 /* libBullet3Collision.a */; };
		B5859C78213F84E800C71222 /* libBulletInverseDynamics.a in Frameworks */ = {isa = PBXBuildFile; fileRef = B5859C68213F84E800C71222 /* libBulletInverseDynamics.a */; };
		B5859C79213F84E800C71222 /* libBulletDynamics.a in Frameworks */ = {isa = PBXBuildFile; fileRef = B5859C69213F84E800C71222 /* libBulletDynamics.a */; };
		B5859C7A213F84E800C71222 /* libBullet3Common.a in Frameworks */ = {isa = PBXBuildFile; fileRef = B5859C6A213F84E800C71222 /* libBullet3Common.a */; };
		B5859C7B213F84E800C71222 /* libBulletRobotics.a in Frameworks */ = {isa = PBXBuildFile; fileRef = B5859C6B213F84E800C71222 /* libBulletRobotics.a */; };
		B5859C7C213F84E800C71222 /* libBullet3OpenCL_clew.a in Frameworks */ = {isa = PBXBuildFile; fileRef = B5859C6C213F84E800C71222 /* libBullet3OpenCL_clew.a */; };
		B5859C7D213F84E800C71222 /* libBulletWorldImporter.a in Frameworks */ = {isa = PBXBuildFile; fileRef = B5859C6D213F84E800C71222 /* libBulletWorldImporter.a */; };
		B5859C7E213F84E800C71222 /* libBulletXmlWorldImporter.a in Frameworks */ = {isa = PBXBuildFile; fileRef = B5859C6E213F84E800C71222 /* libBulletXmlWorldImporter.a */; };
		B5859C7F213F84E800C71222 /* libBulletCollision.a in Frameworks */ = {isa = PBXBuildFile; fileRef = B5859C6F213F84E800C71222 /* libBulletCollision.a */; };
		B5859C80213F84E800C71222 /* libBulletFileLoader.a in Frameworks */ = {isa = PBXBuildFile; fileRef = B5859C70213F84E800C71222 /* libBulletFileLoader.a */; };
		B5859C81213F84E800C71222 /* libBulletInverseDynamicsUtils.a in Frameworks */ = {isa = PBXBuildFile; fileRef = B5859C71213F84E800C71222 /* libBulletInverseDynamicsUtils.a */; };
		B5859C82213F84E800C71222 /* libLinearMath.a in Frameworks */ = {isa = PBXBuildFile; fileRef = B5859C72213F84E800C71222 /* libLinearMath.a */; };
		B5859C83213F84E800C71222 /* libBulletSoftBody.a in Frameworks */ = {isa = PBXBuildFile; fileRef = B5859C73213F84E800C71222 /* libBulletSoftBody.a */; };
		B5859C84213F84E800C71222 /* libBullet2FileLoader.a in Frameworks */ = {isa = PBXBuildFile; fileRef = B5859C74213F84E800C71222 /* libBullet2FileLoader.a */; };
		B5859C88213F87B800C71222 /* BulletDynamicsWorldFactory.mm in Sources */ = {isa = PBXBuildFile; fileRef = B5859C87213F87B800C71222 /* BulletDynamicsWorldFactory.mm */; };
		B5859C8F213F8D7300C71222 /* BTMultiBodyDynamicsWorldWrapper.mm in Sources */ = {isa = PBXBuildFile; fileRef = B5859C8E213F8D7300C71222 /* BTMultiBodyDynamicsWorldWrapper.mm */; };
		B5859C92213F971A00C71222 /* PGMainViewController.mm in Sources */ = {isa = PBXBuildFile; fileRef = B5859C91213F971A00C71222 /* PGMainViewController.mm */; };
		B5859C95213F994E00C71222 /* URDF2Bullet.mm in Sources */ = {isa = PBXBuildFile; fileRef = B5859C93213F994E00C71222 /* URDF2Bullet.mm */; };
		B5859C9C213F9B8300C71222 /* PGRobotFactory.mm in Sources */ = {isa = PBXBuildFile; fileRef = B5859C9B213F9B8300C71222 /* PGRobotFactory.mm */; };
		B5859C9E213F9CDF00C71222 /* SceneKit.framework in Frameworks */ = {isa = PBXBuildFile; fileRef = B5859C9D213F9CDF00C71222 /* SceneKit.framework */; };
		B58DDD6F2186696100D46E49 /* NSColor+Vector.m in Sources */ = {isa = PBXBuildFile; fileRef = B58DDD6E2186696100D46E49 /* NSColor+Vector.m */; };
		B58E8C9322151C810063F2A4 /* TLGripperController.m in Sources */ = {isa = PBXBuildFile; fileRef = B58E8C9222151C810063F2A4 /* TLGripperController.m */; };
		B5998FC2217E8B5500413FDC /* cylinder.urdf in Resources */ = {isa = PBXBuildFile; fileRef = B5998FC1217E8B5500413FDC /* cylinder.urdf */; };
		B5AC6895217F991E00D0F11F /* PGMatrixLogger.m in Sources */ = {isa = PBXBuildFile; fileRef = B5AC6894217F991E00D0F11F /* PGMatrixLogger.m */; };
		B5B7A5EC21DAE9D8008495B9 /* PGTimeSeriesLine.m in Sources */ = {isa = PBXBuildFile; fileRef = B5B7A5E821DAE9D7008495B9 /* PGTimeSeriesLine.m */; };
		B5B7A5ED21DAE9D8008495B9 /* PGTimeSeriesView.m in Sources */ = {isa = PBXBuildFile; fileRef = B5B7A5E921DAE9D7008495B9 /* PGTimeSeriesView.m */; };
		B5B7A5F021DAEAA9008495B9 /* PGTimeSeriesViewController.mm in Sources */ = {isa = PBXBuildFile; fileRef = B5B7A5EF21DAEAA9008495B9 /* PGTimeSeriesViewController.mm */; };
		B5B7A5F221DAEAC4008495B9 /* PGTimeSeriesViewController.storyboard in Resources */ = {isa = PBXBuildFile; fileRef = B5B7A5F121DAEAC4008495B9 /* PGTimeSeriesViewController.storyboard */; };
		B5B7A5F621DB3087008495B9 /* PGJointTableViewCell.m in Sources */ = {isa = PBXBuildFile; fileRef = B5B7A5F521DB3087008495B9 /* PGJointTableViewCell.m */; };
		B5B7A5F821DB30BE008495B9 /* PGJointTableViewCell.xib in Resources */ = {isa = PBXBuildFile; fileRef = B5B7A5F721DB30BE008495B9 /* PGJointTableViewCell.xib */; };
		B5DBF7BA220556330054D647 /* KUKA in Resources */ = {isa = PBXBuildFile; fileRef = B5DBF7B9220556330054D647 /* KUKA */; };
		B5DBF88922055B1C0054D647 /* gripper in Resources */ = {isa = PBXBuildFile; fileRef = B5DBF88822055B1B0054D647 /* gripper */; };
		B5E35469217BA2510034FB97 /* PGShapeFactory.mm in Sources */ = {isa = PBXBuildFile; fileRef = B5E35468217BA2510034FB97 /* PGShapeFactory.mm */; };
		B5E3546C217D33520034FB97 /* PGObjcMathUtilities.mm in Sources */ = {isa = PBXBuildFile; fileRef = B5E3546B217D33520034FB97 /* PGObjcMathUtilities.mm */; };
		B5E3553C217D8D090034FB97 /* cougarbot.urdf in Resources */ = {isa = PBXBuildFile; fileRef = B5E3553B217D8D090034FB97 /* cougarbot.urdf */; };
		B5E607B12165155100858EF7 /* PGRenderer.m in Sources */ = {isa = PBXBuildFile; fileRef = B5E607B02165155100858EF7 /* PGRenderer.m */; };
		B5E607B52165AEE300858EF7 /* PGShape.mm in Sources */ = {isa = PBXBuildFile; fileRef = B5E607B42165AEE300858EF7 /* PGShape.mm */; };
		B5E607B82165B8AE00858EF7 /* PGVertexObject.m in Sources */ = {isa = PBXBuildFile; fileRef = B5E607B72165B8AE00858EF7 /* PGVertexObject.m */; };
		B5E607BA216706FC00858EF7 /* Metal.framework in Frameworks */ = {isa = PBXBuildFile; fileRef = B5E607B9216706FC00858EF7 /* Metal.framework */; };
		B5E607BC2167070300858EF7 /* MetalKit.framework in Frameworks */ = {isa = PBXBuildFile; fileRef = B5E607BB2167070300858EF7 /* MetalKit.framework */; };
		B5E607BF2167097100858EF7 /* PGShaders.metal in Sources */ = {isa = PBXBuildFile; fileRef = B5E607BE2167097100858EF7 /* PGShaders.metal */; };
		B5EBA404214E0D3A00DB4CD6 /* MyMultiBodyCreator.cpp in Sources */ = {isa = PBXBuildFile; fileRef = B5EBA403214E0D3A00DB4CD6 /* MyMultiBodyCreator.cpp */; };
		B5EBA406214E1ADC00DB4CD6 /* kuka_iiwa in Resources */ = {isa = PBXBuildFile; fileRef = B5EBA405214E1ADC00DB4CD6 /* kuka_iiwa */; };
		B5EBA409214EBF0800DB4CD6 /* btDefaultCollisionConfiguration.cpp in Sources */ = {isa = PBXBuildFile; fileRef = B5EBA407214EBF0800DB4CD6 /* btDefaultCollisionConfiguration.cpp */; };
		B5EBA40C214ECA7900DB4CD6 /* WavefrontObjConverter.m in Sources */ = {isa = PBXBuildFile; fileRef = B5EBA40B214ECA7900DB4CD6 /* WavefrontObjConverter.m */; };
		B5EBA40F214ECB7B00DB4CD6 /* Wavefront2GLInstanceGraphicsShape.cpp in Sources */ = {isa = PBXBuildFile; fileRef = B5EBA40D214ECB7A00DB4CD6 /* Wavefront2GLInstanceGraphicsShape.cpp */; };
		B5EDE187216957DC00EC3CA0 /* PGMathUtilities.m in Sources */ = {isa = PBXBuildFile; fileRef = B5EDE186216957DC00EC3CA0 /* PGMathUtilities.m */; };
		B5EDE18A216C6BC300EC3CA0 /* PGShapeTests.m in Sources */ = {isa = PBXBuildFile; fileRef = B5EDE189216C6BC300EC3CA0 /* PGShapeTests.m */; };
		B5EDE18B216C6DD900EC3CA0 /* PGVertexObject.m in Sources */ = {isa = PBXBuildFile; fileRef = B5E607B72165B8AE00858EF7 /* PGVertexObject.m */; };
		B5EDE18C216C6E6D00EC3CA0 /* PGShape.mm in Sources */ = {isa = PBXBuildFile; fileRef = B5E607B42165AEE300858EF7 /* PGShape.mm */; };
		B5EDE3C721763E8000EC3CA0 /* PGLogger.mm in Sources */ = {isa = PBXBuildFile; fileRef = B5EDE3C621763E8000EC3CA0 /* PGLogger.mm */; };
/* End PBXBuildFile section */

/* Begin PBXContainerItemProxy section */
		B5859C54213F83F000C71222 /* PBXContainerItemProxy */ = {
			isa = PBXContainerItemProxy;
			containerPortal = B5859C39213F83EF00C71222 /* Project object */;
			proxyType = 1;
			remoteGlobalIDString = B5859C40213F83EF00C71222;
			remoteInfo = PinkGoatApp;
		};
/* End PBXContainerItemProxy section */

/* Begin PBXFileReference section */
		B5213395218264F300875C68 /* PGCollisionShapeGraphicsGenerator.h */ = {isa = PBXFileReference; lastKnownFileType = sourcecode.c.h; path = PGCollisionShapeGraphicsGenerator.h; sourceTree = "<group>"; };
		B5213396218264F300875C68 /* PGCollisionShapeGraphicsGenerator.mm */ = {isa = PBXFileReference; lastKnownFileType = sourcecode.cpp.objcpp; path = PGCollisionShapeGraphicsGenerator.mm; sourceTree = "<group>"; };
		B521339C2183905500875C68 /* PGMTKView.h */ = {isa = PBXFileReference; lastKnownFileType = sourcecode.c.h; path = PGMTKView.h; sourceTree = "<group>"; };
		B521339D2183905500875C68 /* PGMTKView.m */ = {isa = PBXFileReference; lastKnownFileType = sourcecode.c.objc; path = PGMTKView.m; sourceTree = "<group>"; };
		B521339F2183BBC200875C68 /* PGMTKControlDelegate.h */ = {isa = PBXFileReference; lastKnownFileType = sourcecode.c.h; path = PGMTKControlDelegate.h; sourceTree = "<group>"; };
		B526B14021438B6700FBA6D7 /* UrdfParser.h */ = {isa = PBXFileReference; fileEncoding = 4; lastKnownFileType = sourcecode.c.h; path = UrdfParser.h; sourceTree = "<group>"; };
		B526B14121438B6700FBA6D7 /* UrdfParser.mm */ = {isa = PBXFileReference; fileEncoding = 4; lastKnownFileType = sourcecode.cpp.objcpp; path = UrdfParser.mm; sourceTree = "<group>"; };
		B526B14421438BFD00FBA6D7 /* tinyxml2.h */ = {isa = PBXFileReference; fileEncoding = 4; lastKnownFileType = sourcecode.c.h; path = tinyxml2.h; sourceTree = "<group>"; };
		B526B14521438BFD00FBA6D7 /* tinyxml2.mm */ = {isa = PBXFileReference; fileEncoding = 4; lastKnownFileType = sourcecode.cpp.objcpp; path = tinyxml2.mm; sourceTree = "<group>"; };
		B526B14721438C4F00FBA6D7 /* urdfStringSplit.mm */ = {isa = PBXFileReference; fileEncoding = 4; lastKnownFileType = sourcecode.cpp.objcpp; path = urdfStringSplit.mm; sourceTree = "<group>"; };
		B526B14821438C4F00FBA6D7 /* urdfStringSplit.h */ = {isa = PBXFileReference; fileEncoding = 4; lastKnownFileType = sourcecode.c.h; path = urdfStringSplit.h; sourceTree = "<group>"; };
		B526B14A21438C6F00FBA6D7 /* SDFAudioTypes.h */ = {isa = PBXFileReference; lastKnownFileType = sourcecode.c.h; path = SDFAudioTypes.h; sourceTree = "<group>"; };
		B526B14B2143943D00FBA6D7 /* urdfLexicalCast.h */ = {isa = PBXFileReference; lastKnownFileType = sourcecode.c.h; path = urdfLexicalCast.h; sourceTree = "<group>"; };
		B526B21E2148D29100FBA6D7 /* BulletUrdfImporter.mm */ = {isa = PBXFileReference; fileEncoding = 4; lastKnownFileType = sourcecode.cpp.objcpp; path = BulletUrdfImporter.mm; sourceTree = "<group>"; };
		B526B21F2148D29100FBA6D7 /* BulletUrdfImporter.h */ = {isa = PBXFileReference; fileEncoding = 4; lastKnownFileType = sourcecode.c.h; path = BulletUrdfImporter.h; sourceTree = "<group>"; };
		B526B2212148D30200FBA6D7 /* UrdfRenderingInterface.h */ = {isa = PBXFileReference; lastKnownFileType = sourcecode.c.h; path = UrdfRenderingInterface.h; sourceTree = "<group>"; };
		B526B222214A25CA00FBA6D7 /* b3ResourcePath.cpp */ = {isa = PBXFileReference; fileEncoding = 4; lastKnownFileType = sourcecode.cpp.cpp; path = b3ResourcePath.cpp; sourceTree = "<group>"; };
		B526B223214A25CB00FBA6D7 /* b3ResourcePath.h */ = {isa = PBXFileReference; fileEncoding = 4; lastKnownFileType = sourcecode.c.h; path = b3ResourcePath.h; sourceTree = "<group>"; };
		B526B225214A263C00FBA6D7 /* tiny_obj_loader.h */ = {isa = PBXFileReference; fileEncoding = 4; lastKnownFileType = sourcecode.c.h; path = tiny_obj_loader.h; sourceTree = "<group>"; };
		B526B226214A263C00FBA6D7 /* tiny_obj_loader.cpp */ = {isa = PBXFileReference; fileEncoding = 4; lastKnownFileType = sourcecode.cpp.cpp; path = tiny_obj_loader.cpp; sourceTree = "<group>"; };
		B526B228214A26A200FBA6D7 /* GLInstanceGraphicsShape.h */ = {isa = PBXFileReference; lastKnownFileType = sourcecode.c.h; path = GLInstanceGraphicsShape.h; sourceTree = "<group>"; };
		B526B229214A275700FBA6D7 /* LoadMeshFromObj.cpp */ = {isa = PBXFileReference; fileEncoding = 4; lastKnownFileType = sourcecode.cpp.cpp; path = LoadMeshFromObj.cpp; sourceTree = "<group>"; };
		B526B22A214A275700FBA6D7 /* LoadMeshFromObj.h */ = {isa = PBXFileReference; fileEncoding = 4; lastKnownFileType = sourcecode.c.h; path = LoadMeshFromObj.h; sourceTree = "<group>"; };
		B526B22F214A27C500FBA6D7 /* LoadMeshFromSTL.h */ = {isa = PBXFileReference; lastKnownFileType = sourcecode.c.h; path = LoadMeshFromSTL.h; sourceTree = "<group>"; };
		B526B230214A280500FBA6D7 /* ColladaGraphicsInstance.h */ = {isa = PBXFileReference; lastKnownFileType = sourcecode.c.h; path = ColladaGraphicsInstance.h; sourceTree = "<group>"; };
		B526B231214A283B00FBA6D7 /* LoadMeshFromCollada.cpp */ = {isa = PBXFileReference; fileEncoding = 4; lastKnownFileType = sourcecode.cpp.cpp; path = LoadMeshFromCollada.cpp; sourceTree = "<group>"; };
		B526B232214A283B00FBA6D7 /* LoadMeshFromCollada.h */ = {isa = PBXFileReference; fileEncoding = 4; lastKnownFileType = sourcecode.c.h; path = LoadMeshFromCollada.h; sourceTree = "<group>"; };
		B526B234214A28A700FBA6D7 /* btMatrix4x4.h */ = {isa = PBXFileReference; lastKnownFileType = sourcecode.c.h; path = btMatrix4x4.h; sourceTree = "<group>"; };
		B526B235214A28CA00FBA6D7 /* b3ImportMeshUtility.cpp */ = {isa = PBXFileReference; fileEncoding = 4; lastKnownFileType = sourcecode.cpp.cpp; path = b3ImportMeshUtility.cpp; sourceTree = "<group>"; };
		B526B236214A28CA00FBA6D7 /* b3ImportMeshUtility.h */ = {isa = PBXFileReference; fileEncoding = 4; lastKnownFileType = sourcecode.c.h; path = b3ImportMeshUtility.h; sourceTree = "<group>"; };
		B526B238214A297000FBA6D7 /* stb_image.h */ = {isa = PBXFileReference; fileEncoding = 4; lastKnownFileType = sourcecode.c.h; path = stb_image.h; sourceTree = "<group>"; };
		B526B239214A297100FBA6D7 /* stb_image_write.h */ = {isa = PBXFileReference; fileEncoding = 4; lastKnownFileType = sourcecode.c.h; path = stb_image_write.h; sourceTree = "<group>"; };
		B526B23A214A297100FBA6D7 /* stb_image.cpp */ = {isa = PBXFileReference; fileEncoding = 4; lastKnownFileType = sourcecode.cpp.cpp; path = stb_image.cpp; sourceTree = "<group>"; };
		B5311BD721D7421F00212FE9 /* PGPIDController.h */ = {isa = PBXFileReference; lastKnownFileType = sourcecode.c.h; path = PGPIDController.h; sourceTree = "<group>"; };
		B5311BD821D7421F00212FE9 /* PGPIDController.m */ = {isa = PBXFileReference; lastKnownFileType = sourcecode.c.objc; path = PGPIDController.m; sourceTree = "<group>"; };
		B5311BDA21D7EAB500212FE9 /* PGEventSubscriber.h */ = {isa = PBXFileReference; lastKnownFileType = sourcecode.c.h; path = PGEventSubscriber.h; sourceTree = "<group>"; };
		B5311BDB21D7F02200212FE9 /* PGRobot.h */ = {isa = PBXFileReference; lastKnownFileType = sourcecode.c.h; path = PGRobot.h; sourceTree = "<group>"; };
		B5311BDC21D7F02200212FE9 /* PGRobot.mm */ = {isa = PBXFileReference; lastKnownFileType = sourcecode.cpp.objcpp; path = PGRobot.mm; sourceTree = "<group>"; };
		B5311BDE21D7F58700212FE9 /* PGRobotController.h */ = {isa = PBXFileReference; lastKnownFileType = sourcecode.c.h; path = PGRobotController.h; sourceTree = "<group>"; };
		B55AFB1E222E41CF003E4C58 /* Gripper.h */ = {isa = PBXFileReference; lastKnownFileType = sourcecode.c.h; path = Gripper.h; sourceTree = "<group>"; };
		B55AFB1F222E41CF003E4C58 /* Gripper.mm */ = {isa = PBXFileReference; lastKnownFileType = sourcecode.cpp.objcpp; path = Gripper.mm; sourceTree = "<group>"; };
		B55AFBEF222F835D003E4C58 /* JointMotor.h */ = {isa = PBXFileReference; lastKnownFileType = sourcecode.c.h; path = JointMotor.h; sourceTree = "<group>"; };
		B55AFBF0222F835D003E4C58 /* JointMotor.mm */ = {isa = PBXFileReference; lastKnownFileType = sourcecode.cpp.objcpp; path = JointMotor.mm; sourceTree = "<group>"; };
		B57BD2232180EAA000463D9F /* PGSimulation.h */ = {isa = PBXFileReference; lastKnownFileType = sourcecode.c.h; path = PGSimulation.h; sourceTree = "<group>"; };
		B57BD2242180EAA000463D9F /* PGSimulation.mm */ = {isa = PBXFileReference; lastKnownFileType = sourcecode.cpp.objcpp; path = PGSimulation.mm; sourceTree = "<group>"; };
		B57BD2262180EB9200463D9F /* PGScene.h */ = {isa = PBXFileReference; lastKnownFileType = sourcecode.c.h; path = PGScene.h; sourceTree = "<group>"; };
		B57BD2272180EB9200463D9F /* PGScene.m */ = {isa = PBXFileReference; lastKnownFileType = sourcecode.c.objc; path = PGScene.m; sourceTree = "<group>"; };
		B57BD22B2180EC3D00463D9F /* PGEntity.h */ = {isa = PBXFileReference; lastKnownFileType = sourcecode.c.h; path = PGEntity.h; sourceTree = "<group>"; };
		B57BD22C2180EC3D00463D9F /* PGEntity.m */ = {isa = PBXFileReference; lastKnownFileType = sourcecode.c.objc; path = PGEntity.m; sourceTree = "<group>"; };
		B583BACB21607285005E1332 /* ShapeData.h */ = {isa = PBXFileReference; lastKnownFileType = sourcecode.c.h; path = ShapeData.h; sourceTree = "<group>"; };
		B583BACC21608C06005E1332 /* CollisionShape2TriangleMesh.cpp */ = {isa = PBXFileReference; fileEncoding = 4; lastKnownFileType = sourcecode.cpp.cpp; path = CollisionShape2TriangleMesh.cpp; sourceTree = "<group>"; };
		B583BACD21608C06005E1332 /* CollisionShape2TriangleMesh.h */ = {isa = PBXFileReference; fileEncoding = 4; lastKnownFileType = sourcecode.c.h; path = CollisionShape2TriangleMesh.h; sourceTree = "<group>"; };
		B5859C41213F83EF00C71222 /* PinkGoatApp.app */ = {isa = PBXFileReference; explicitFileType = wrapper.application; includeInIndex = 0; path = PinkGoatApp.app; sourceTree = BUILT_PRODUCTS_DIR; };
		B5859C44213F83EF00C71222 /* AppDelegate.swift */ = {isa = PBXFileReference; lastKnownFileType = sourcecode.swift; path = AppDelegate.swift; sourceTree = "<group>"; };
		B5859C46213F83EF00C71222 /* ViewController.swift */ = {isa = PBXFileReference; lastKnownFileType = sourcecode.swift; path = ViewController.swift; sourceTree = "<group>"; };
		B5859C48213F83EF00C71222 /* Assets.xcassets */ = {isa = PBXFileReference; lastKnownFileType = folder.assetcatalog; path = Assets.xcassets; sourceTree = "<group>"; };
		B5859C4B213F83EF00C71222 /* Base */ = {isa = PBXFileReference; lastKnownFileType = file.storyboard; name = Base; path = Base.lproj/Main.storyboard; sourceTree = "<group>"; };
		B5859C4D213F83EF00C71222 /* Info.plist */ = {isa = PBXFileReference; lastKnownFileType = text.plist.xml; path = Info.plist; sourceTree = "<group>"; };
		B5859C4E213F83EF00C71222 /* PinkGoatApp.entitlements */ = {isa = PBXFileReference; lastKnownFileType = text.plist.entitlements; path = PinkGoatApp.entitlements; sourceTree = "<group>"; };
		B5859C53213F83F000C71222 /* PinkGoatAppTests.xctest */ = {isa = PBXFileReference; explicitFileType = wrapper.cfbundle; includeInIndex = 0; path = PinkGoatAppTests.xctest; sourceTree = BUILT_PRODUCTS_DIR; };
		B5859C57213F83F000C71222 /* PinkGoatAppTests.swift */ = {isa = PBXFileReference; lastKnownFileType = sourcecode.swift; path = PinkGoatAppTests.swift; sourceTree = "<group>"; };
		B5859C59213F83F000C71222 /* Info.plist */ = {isa = PBXFileReference; lastKnownFileType = text.plist.xml; path = Info.plist; sourceTree = "<group>"; };
		B5859C62213F849A00C71222 /* bullet */ = {isa = PBXFileReference; lastKnownFileType = folder; path = bullet; sourceTree = "<group>"; };
		B5859C65213F84E700C71222 /* libBullet3Dynamics.a */ = {isa = PBXFileReference; lastKnownFileType = archive.ar; name = libBullet3Dynamics.a; path = ../../../../../usr/local/lib/libBullet3Dynamics.a; sourceTree = "<group>"; };
		B5859C66213F84E800C71222 /* libBullet3Geometry.a */ = {isa = PBXFileReference; lastKnownFileType = archive.ar; name = libBullet3Geometry.a; path = ../../../../../usr/local/lib/libBullet3Geometry.a; sourceTree = "<group>"; };
		B5859C67213F84E800C71222 /* libBullet3Collision.a */ = {isa = PBXFileReference; lastKnownFileType = archive.ar; name = libBullet3Collision.a; path = ../../../../../usr/local/lib/libBullet3Collision.a; sourceTree = "<group>"; };
		B5859C68213F84E800C71222 /* libBulletInverseDynamics.a */ = {isa = PBXFileReference; lastKnownFileType = archive.ar; name = libBulletInverseDynamics.a; path = ../../../../../usr/local/lib/libBulletInverseDynamics.a; sourceTree = "<group>"; };
		B5859C69213F84E800C71222 /* libBulletDynamics.a */ = {isa = PBXFileReference; lastKnownFileType = archive.ar; name = libBulletDynamics.a; path = ../../../../../usr/local/lib/libBulletDynamics.a; sourceTree = "<group>"; };
		B5859C6A213F84E800C71222 /* libBullet3Common.a */ = {isa = PBXFileReference; lastKnownFileType = archive.ar; name = libBullet3Common.a; path = ../../../../../usr/local/lib/libBullet3Common.a; sourceTree = "<group>"; };
		B5859C6B213F84E800C71222 /* libBulletRobotics.a */ = {isa = PBXFileReference; lastKnownFileType = archive.ar; name = libBulletRobotics.a; path = ../../../../../usr/local/lib/libBulletRobotics.a; sourceTree = "<group>"; };
		B5859C6C213F84E800C71222 /* libBullet3OpenCL_clew.a */ = {isa = PBXFileReference; lastKnownFileType = archive.ar; name = libBullet3OpenCL_clew.a; path = ../../../../../usr/local/lib/libBullet3OpenCL_clew.a; sourceTree = "<group>"; };
		B5859C6D213F84E800C71222 /* libBulletWorldImporter.a */ = {isa = PBXFileReference; lastKnownFileType = archive.ar; name = libBulletWorldImporter.a; path = ../../../../../usr/local/lib/libBulletWorldImporter.a; sourceTree = "<group>"; };
		B5859C6E213F84E800C71222 /* libBulletXmlWorldImporter.a */ = {isa = PBXFileReference; lastKnownFileType = archive.ar; name = libBulletXmlWorldImporter.a; path = ../../../../../usr/local/lib/libBulletXmlWorldImporter.a; sourceTree = "<group>"; };
		B5859C6F213F84E800C71222 /* libBulletCollision.a */ = {isa = PBXFileReference; lastKnownFileType = archive.ar; name = libBulletCollision.a; path = ../../../../../usr/local/lib/libBulletCollision.a; sourceTree = "<group>"; };
		B5859C70213F84E800C71222 /* libBulletFileLoader.a */ = {isa = PBXFileReference; lastKnownFileType = archive.ar; name = libBulletFileLoader.a; path = ../../../../../usr/local/lib/libBulletFileLoader.a; sourceTree = "<group>"; };
		B5859C71213F84E800C71222 /* libBulletInverseDynamicsUtils.a */ = {isa = PBXFileReference; lastKnownFileType = archive.ar; name = libBulletInverseDynamicsUtils.a; path = ../../../../../usr/local/lib/libBulletInverseDynamicsUtils.a; sourceTree = "<group>"; };
		B5859C72213F84E800C71222 /* libLinearMath.a */ = {isa = PBXFileReference; lastKnownFileType = archive.ar; name = libLinearMath.a; path = ../../../../../usr/local/lib/libLinearMath.a; sourceTree = "<group>"; };
		B5859C73213F84E800C71222 /* libBulletSoftBody.a */ = {isa = PBXFileReference; lastKnownFileType = archive.ar; name = libBulletSoftBody.a; path = ../../../../../usr/local/lib/libBulletSoftBody.a; sourceTree = "<group>"; };
		B5859C74213F84E800C71222 /* libBullet2FileLoader.a */ = {isa = PBXFileReference; lastKnownFileType = archive.ar; name = libBullet2FileLoader.a; path = ../../../../../usr/local/lib/libBullet2FileLoader.a; sourceTree = "<group>"; };
		B5859C85213F87B700C71222 /* PinkGoatApp-Bridging-Header.h */ = {isa = PBXFileReference; lastKnownFileType = sourcecode.c.h; path = "PinkGoatApp-Bridging-Header.h"; sourceTree = "<group>"; };
		B5859C86213F87B800C71222 /* BulletDynamicsWorldFactory.h */ = {isa = PBXFileReference; lastKnownFileType = sourcecode.c.h; path = BulletDynamicsWorldFactory.h; sourceTree = "<group>"; };
		B5859C87213F87B800C71222 /* BulletDynamicsWorldFactory.mm */ = {isa = PBXFileReference; lastKnownFileType = sourcecode.cpp.objcpp; path = BulletDynamicsWorldFactory.mm; sourceTree = "<group>"; };
		B5859C8D213F8D7300C71222 /* BTMultiBodyDynamicsWorldWrapper.h */ = {isa = PBXFileReference; lastKnownFileType = sourcecode.c.h; path = BTMultiBodyDynamicsWorldWrapper.h; sourceTree = "<group>"; };
		B5859C8E213F8D7300C71222 /* BTMultiBodyDynamicsWorldWrapper.mm */ = {isa = PBXFileReference; lastKnownFileType = sourcecode.cpp.objcpp; path = BTMultiBodyDynamicsWorldWrapper.mm; sourceTree = "<group>"; };
		B5859C90213F971A00C71222 /* PGMainViewController.h */ = {isa = PBXFileReference; lastKnownFileType = sourcecode.c.h; path = PGMainViewController.h; sourceTree = "<group>"; };
		B5859C91213F971A00C71222 /* PGMainViewController.mm */ = {isa = PBXFileReference; lastKnownFileType = sourcecode.cpp.objcpp; path = PGMainViewController.mm; sourceTree = "<group>"; };
		B5859C93213F994E00C71222 /* URDF2Bullet.mm */ = {isa = PBXFileReference; fileEncoding = 4; lastKnownFileType = sourcecode.cpp.objcpp; path = URDF2Bullet.mm; sourceTree = "<group>"; };
		B5859C94213F994E00C71222 /* URDF2Bullet.h */ = {isa = PBXFileReference; fileEncoding = 4; lastKnownFileType = sourcecode.c.h; path = URDF2Bullet.h; sourceTree = "<group>"; };
		B5859C96213F99AD00C71222 /* URDFJointTypes.h */ = {isa = PBXFileReference; lastKnownFileType = sourcecode.c.h; path = URDFJointTypes.h; sourceTree = "<group>"; };
		B5859C97213F99E000C71222 /* URDFImporterInterface.h */ = {isa = PBXFileReference; lastKnownFileType = sourcecode.c.h; path = URDFImporterInterface.h; sourceTree = "<group>"; };
		B5859C98213F9A0300C71222 /* SDFAudioTypes.h */ = {isa = PBXFileReference; lastKnownFileType = sourcecode.c.h; path = SDFAudioTypes.h; sourceTree = "<group>"; };
		B5859C99213F9A2200C71222 /* MultiBodyCreationInterface.h */ = {isa = PBXFileReference; lastKnownFileType = sourcecode.c.h; path = MultiBodyCreationInterface.h; sourceTree = "<group>"; };
		B5859C9A213F9B8300C71222 /* PGRobotFactory.h */ = {isa = PBXFileReference; lastKnownFileType = sourcecode.c.h; path = PGRobotFactory.h; sourceTree = "<group>"; };
		B5859C9B213F9B8300C71222 /* PGRobotFactory.mm */ = {isa = PBXFileReference; lastKnownFileType = sourcecode.cpp.objcpp; path = PGRobotFactory.mm; sourceTree = "<group>"; };
		B5859C9D213F9CDF00C71222 /* SceneKit.framework */ = {isa = PBXFileReference; lastKnownFileType = wrapper.framework; name = SceneKit.framework; path = System/Library/Frameworks/SceneKit.framework; sourceTree = SDKROOT; };
		B58DDD6D2186696100D46E49 /* NSColor+Vector.h */ = {isa = PBXFileReference; lastKnownFileType = sourcecode.c.h; path = "NSColor+Vector.h"; sourceTree = "<group>"; };
		B58DDD6E2186696100D46E49 /* NSColor+Vector.m */ = {isa = PBXFileReference; lastKnownFileType = sourcecode.c.objc; path = "NSColor+Vector.m"; sourceTree = "<group>"; };
		B58DDD7221881B4B00D46E49 /* PGPhysicsWorldProtocol.h */ = {isa = PBXFileReference; lastKnownFileType = sourcecode.c.h; path = PGPhysicsWorldProtocol.h; sourceTree = "<group>"; };
		B58E8C9122151C810063F2A4 /* TLGripperController.h */ = {isa = PBXFileReference; lastKnownFileType = sourcecode.c.h; path = TLGripperController.h; sourceTree = "<group>"; };
		B58E8C9222151C810063F2A4 /* TLGripperController.m */ = {isa = PBXFileReference; lastKnownFileType = sourcecode.c.objc; path = TLGripperController.m; sourceTree = "<group>"; };
		B5998FC1217E8B5500413FDC /* cylinder.urdf */ = {isa = PBXFileReference; fileEncoding = 4; lastKnownFileType = text.xml; path = cylinder.urdf; sourceTree = "<group>"; };
		B5AC6893217F991E00D0F11F /* PGMatrixLogger.h */ = {isa = PBXFileReference; lastKnownFileType = sourcecode.c.h; path = PGMatrixLogger.h; sourceTree = "<group>"; };
		B5AC6894217F991E00D0F11F /* PGMatrixLogger.m */ = {isa = PBXFileReference; lastKnownFileType = sourcecode.c.objc; path = PGMatrixLogger.m; sourceTree = "<group>"; };
		B5B7A5E821DAE9D7008495B9 /* PGTimeSeriesLine.m */ = {isa = PBXFileReference; fileEncoding = 4; lastKnownFileType = sourcecode.c.objc; path = PGTimeSeriesLine.m; sourceTree = "<group>"; };
		B5B7A5E921DAE9D7008495B9 /* PGTimeSeriesView.m */ = {isa = PBXFileReference; fileEncoding = 4; lastKnownFileType = sourcecode.c.objc; path = PGTimeSeriesView.m; sourceTree = "<group>"; };
		B5B7A5EA21DAE9D7008495B9 /* PGTimeSeriesLine.h */ = {isa = PBXFileReference; fileEncoding = 4; lastKnownFileType = sourcecode.c.h; path = PGTimeSeriesLine.h; sourceTree = "<group>"; };
		B5B7A5EB21DAE9D8008495B9 /* PGTimeSeriesView.h */ = {isa = PBXFileReference; fileEncoding = 4; lastKnownFileType = sourcecode.c.h; path = PGTimeSeriesView.h; sourceTree = "<group>"; };
		B5B7A5EE21DAEAA9008495B9 /* PGTimeSeriesViewController.h */ = {isa = PBXFileReference; lastKnownFileType = sourcecode.c.h; path = PGTimeSeriesViewController.h; sourceTree = "<group>"; };
		B5B7A5EF21DAEAA9008495B9 /* PGTimeSeriesViewController.mm */ = {isa = PBXFileReference; lastKnownFileType = sourcecode.cpp.objcpp; path = PGTimeSeriesViewController.mm; sourceTree = "<group>"; };
		B5B7A5F121DAEAC4008495B9 /* PGTimeSeriesViewController.storyboard */ = {isa = PBXFileReference; lastKnownFileType = file.storyboard; path = PGTimeSeriesViewController.storyboard; sourceTree = "<group>"; };
		B5B7A5F321DB1E63008495B9 /* PGRobotSubscriptionProtocols.h */ = {isa = PBXFileReference; lastKnownFileType = sourcecode.c.h; path = PGRobotSubscriptionProtocols.h; sourceTree = "<group>"; };
		B5B7A5F421DB3087008495B9 /* PGJointTableViewCell.h */ = {isa = PBXFileReference; lastKnownFileType = sourcecode.c.h; path = PGJointTableViewCell.h; sourceTree = "<group>"; };
		B5B7A5F521DB3087008495B9 /* PGJointTableViewCell.m */ = {isa = PBXFileReference; lastKnownFileType = sourcecode.c.objc; path = PGJointTableViewCell.m; sourceTree = "<group>"; };
		B5B7A5F721DB30BE008495B9 /* PGJointTableViewCell.xib */ = {isa = PBXFileReference; lastKnownFileType = file.xib; path = PGJointTableViewCell.xib; sourceTree = "<group>"; };
		B5DBF7B9220556330054D647 /* KUKA */ = {isa = PBXFileReference; lastKnownFileType = folder; path = KUKA; sourceTree = "<group>"; };
		B5DBF88822055B1B0054D647 /* gripper */ = {isa = PBXFileReference; lastKnownFileType = folder; path = gripper; sourceTree = "<group>"; };
		B5E35467217BA2510034FB97 /* PGShapeFactory.h */ = {isa = PBXFileReference; lastKnownFileType = sourcecode.c.h; path = PGShapeFactory.h; sourceTree = "<group>"; };
		B5E35468217BA2510034FB97 /* PGShapeFactory.mm */ = {isa = PBXFileReference; lastKnownFileType = sourcecode.cpp.objcpp; path = PGShapeFactory.mm; sourceTree = "<group>"; };
		B5E3546A217D33520034FB97 /* PGObjcMathUtilities.h */ = {isa = PBXFileReference; lastKnownFileType = sourcecode.c.h; path = PGObjcMathUtilities.h; sourceTree = "<group>"; };
		B5E3546B217D33520034FB97 /* PGObjcMathUtilities.mm */ = {isa = PBXFileReference; lastKnownFileType = sourcecode.cpp.objcpp; path = PGObjcMathUtilities.mm; sourceTree = "<group>"; };
		B5E3553B217D8D090034FB97 /* cougarbot.urdf */ = {isa = PBXFileReference; fileEncoding = 4; lastKnownFileType = text.xml; path = cougarbot.urdf; sourceTree = "<group>"; };
		B5E607AF2165155100858EF7 /* PGRenderer.h */ = {isa = PBXFileReference; lastKnownFileType = sourcecode.c.h; path = PGRenderer.h; sourceTree = "<group>"; };
		B5E607B02165155100858EF7 /* PGRenderer.m */ = {isa = PBXFileReference; lastKnownFileType = sourcecode.c.objc; path = PGRenderer.m; sourceTree = "<group>"; };
		B5E607B22165AD5300858EF7 /* PGShaderTypes.h */ = {isa = PBXFileReference; lastKnownFileType = sourcecode.c.h; path = PGShaderTypes.h; sourceTree = "<group>"; };
		B5E607B32165AEE300858EF7 /* PGShape.h */ = {isa = PBXFileReference; lastKnownFileType = sourcecode.c.h; path = PGShape.h; sourceTree = "<group>"; };
		B5E607B42165AEE300858EF7 /* PGShape.mm */ = {isa = PBXFileReference; lastKnownFileType = sourcecode.cpp.objcpp; path = PGShape.mm; sourceTree = "<group>"; };
		B5E607B62165B8AE00858EF7 /* PGVertexObject.h */ = {isa = PBXFileReference; lastKnownFileType = sourcecode.c.h; path = PGVertexObject.h; sourceTree = "<group>"; };
		B5E607B72165B8AE00858EF7 /* PGVertexObject.m */ = {isa = PBXFileReference; lastKnownFileType = sourcecode.c.objc; path = PGVertexObject.m; sourceTree = "<group>"; };
		B5E607B9216706FC00858EF7 /* Metal.framework */ = {isa = PBXFileReference; lastKnownFileType = wrapper.framework; name = Metal.framework; path = System/Library/Frameworks/Metal.framework; sourceTree = SDKROOT; };
		B5E607BB2167070300858EF7 /* MetalKit.framework */ = {isa = PBXFileReference; lastKnownFileType = wrapper.framework; name = MetalKit.framework; path = System/Library/Frameworks/MetalKit.framework; sourceTree = SDKROOT; };
		B5E607BE2167097100858EF7 /* PGShaders.metal */ = {isa = PBXFileReference; lastKnownFileType = sourcecode.metal; path = PGShaders.metal; sourceTree = "<group>"; };
		B5EBA402214E0D3900DB4CD6 /* MyMultiBodyCreator.h */ = {isa = PBXFileReference; fileEncoding = 4; lastKnownFileType = sourcecode.c.h; path = MyMultiBodyCreator.h; sourceTree = "<group>"; };
		B5EBA403214E0D3A00DB4CD6 /* MyMultiBodyCreator.cpp */ = {isa = PBXFileReference; fileEncoding = 4; lastKnownFileType = sourcecode.cpp.cpp; path = MyMultiBodyCreator.cpp; sourceTree = "<group>"; };
		B5EBA405214E1ADC00DB4CD6 /* kuka_iiwa */ = {isa = PBXFileReference; lastKnownFileType = folder; path = kuka_iiwa; sourceTree = "<group>"; };
		B5EBA407214EBF0800DB4CD6 /* btDefaultCollisionConfiguration.cpp */ = {isa = PBXFileReference; fileEncoding = 4; lastKnownFileType = sourcecode.cpp.cpp; path = btDefaultCollisionConfiguration.cpp; sourceTree = "<group>"; };
		B5EBA408214EBF0800DB4CD6 /* btDefaultCollisionConfiguration.h */ = {isa = PBXFileReference; fileEncoding = 4; lastKnownFileType = sourcecode.c.h; path = btDefaultCollisionConfiguration.h; sourceTree = "<group>"; };
		B5EBA40A214ECA7900DB4CD6 /* WavefrontObjConverter.h */ = {isa = PBXFileReference; lastKnownFileType = sourcecode.c.h; path = WavefrontObjConverter.h; sourceTree = "<group>"; };
		B5EBA40B214ECA7900DB4CD6 /* WavefrontObjConverter.m */ = {isa = PBXFileReference; lastKnownFileType = sourcecode.c.objc; path = WavefrontObjConverter.m; sourceTree = "<group>"; };
		B5EBA40D214ECB7A00DB4CD6 /* Wavefront2GLInstanceGraphicsShape.cpp */ = {isa = PBXFileReference; fileEncoding = 4; lastKnownFileType = sourcecode.cpp.cpp; path = Wavefront2GLInstanceGraphicsShape.cpp; sourceTree = "<group>"; };
		B5EBA40E214ECB7A00DB4CD6 /* Wavefront2GLInstanceGraphicsShape.h */ = {isa = PBXFileReference; fileEncoding = 4; lastKnownFileType = sourcecode.c.h; path = Wavefront2GLInstanceGraphicsShape.h; sourceTree = "<group>"; };
		B5EDE185216957DC00EC3CA0 /* PGMathUtilities.h */ = {isa = PBXFileReference; lastKnownFileType = sourcecode.c.h; path = PGMathUtilities.h; sourceTree = "<group>"; };
		B5EDE186216957DC00EC3CA0 /* PGMathUtilities.m */ = {isa = PBXFileReference; lastKnownFileType = sourcecode.c.objc; path = PGMathUtilities.m; sourceTree = "<group>"; };
		B5EDE188216C6BC300EC3CA0 /* PinkGoatAppTests-Bridging-Header.h */ = {isa = PBXFileReference; lastKnownFileType = sourcecode.c.h; path = "PinkGoatAppTests-Bridging-Header.h"; sourceTree = "<group>"; };
		B5EDE189216C6BC300EC3CA0 /* PGShapeTests.m */ = {isa = PBXFileReference; lastKnownFileType = sourcecode.c.objc; path = PGShapeTests.m; sourceTree = "<group>"; };
		B5EDE18D216DBEAA00EC3CA0 /* PGDataTypes.h */ = {isa = PBXFileReference; lastKnownFileType = sourcecode.c.h; path = PGDataTypes.h; sourceTree = "<group>"; };
		B5EDE3C521763E8000EC3CA0 /* PGLogger.h */ = {isa = PBXFileReference; lastKnownFileType = sourcecode.c.h; path = PGLogger.h; sourceTree = "<group>"; };
		B5EDE3C621763E8000EC3CA0 /* PGLogger.mm */ = {isa = PBXFileReference; lastKnownFileType = sourcecode.cpp.objcpp; path = PGLogger.mm; sourceTree = "<group>"; };
/* End PBXFileReference section */

/* Begin PBXFrameworksBuildPhase section */
		B5859C3E213F83EF00C71222 /* Frameworks */ = {
			isa = PBXFrameworksBuildPhase;
			buildActionMask = 2147483647;
			files = (
				B5859C9E213F9CDF00C71222 /* SceneKit.framework in Frameworks */,
				B5E607BC2167070300858EF7 /* MetalKit.framework in Frameworks */,
				B5E607BA216706FC00858EF7 /* Metal.framework in Frameworks */,
				B5859C75213F84E800C71222 /* libBullet3Dynamics.a in Frameworks */,
				B5859C76213F84E800C71222 /* libBullet3Geometry.a in Frameworks */,
				B5859C77213F84E800C71222 /* libBullet3Collision.a in Frameworks */,
				B5859C78213F84E800C71222 /* libBulletInverseDynamics.a in Frameworks */,
				B5859C79213F84E800C71222 /* libBulletDynamics.a in Frameworks */,
				B5859C7A213F84E800C71222 /* libBullet3Common.a in Frameworks */,
				B5859C7B213F84E800C71222 /* libBulletRobotics.a in Frameworks */,
				B5859C7C213F84E800C71222 /* libBullet3OpenCL_clew.a in Frameworks */,
				B5859C7D213F84E800C71222 /* libBulletWorldImporter.a in Frameworks */,
				B5859C7E213F84E800C71222 /* libBulletXmlWorldImporter.a in Frameworks */,
				B5859C7F213F84E800C71222 /* libBulletCollision.a in Frameworks */,
				B5859C80213F84E800C71222 /* libBulletFileLoader.a in Frameworks */,
				B5859C81213F84E800C71222 /* libBulletInverseDynamicsUtils.a in Frameworks */,
				B5859C82213F84E800C71222 /* libLinearMath.a in Frameworks */,
				B5859C83213F84E800C71222 /* libBulletSoftBody.a in Frameworks */,
				B5859C84213F84E800C71222 /* libBullet2FileLoader.a in Frameworks */,
			);
			runOnlyForDeploymentPostprocessing = 0;
		};
		B5859C50213F83F000C71222 /* Frameworks */ = {
			isa = PBXFrameworksBuildPhase;
			buildActionMask = 2147483647;
			files = (
			);
			runOnlyForDeploymentPostprocessing = 0;
		};
/* End PBXFrameworksBuildPhase section */

/* Begin PBXGroup section */
		B521339B2183903800875C68 /* Views */ = {
			isa = PBXGroup;
			children = (
				B521339C2183905500875C68 /* PGMTKView.h */,
				B521339D2183905500875C68 /* PGMTKView.m */,
				B521339F2183BBC200875C68 /* PGMTKControlDelegate.h */,
			);
			path = Views;
			sourceTree = "<group>";
		};
		B526B13F21438B5300FBA6D7 /* URDF */ = {
			isa = PBXGroup;
			children = (
				B5EBA40D214ECB7A00DB4CD6 /* Wavefront2GLInstanceGraphicsShape.cpp */,
				B5EBA40E214ECB7A00DB4CD6 /* Wavefront2GLInstanceGraphicsShape.h */,
				B5EBA403214E0D3A00DB4CD6 /* MyMultiBodyCreator.cpp */,
				B5EBA402214E0D3900DB4CD6 /* MyMultiBodyCreator.h */,
				B526B2212148D30200FBA6D7 /* UrdfRenderingInterface.h */,
				B526B21E2148D29100FBA6D7 /* BulletUrdfImporter.mm */,
				B526B21F2148D29100FBA6D7 /* BulletUrdfImporter.h */,
				B526B14B2143943D00FBA6D7 /* urdfLexicalCast.h */,
				B526B14A21438C6F00FBA6D7 /* SDFAudioTypes.h */,
				B526B14721438C4F00FBA6D7 /* urdfStringSplit.mm */,
				B526B14821438C4F00FBA6D7 /* urdfStringSplit.h */,
				B526B14321438BF200FBA6D7 /* TinyXML */,
				B526B14021438B6700FBA6D7 /* UrdfParser.h */,
				B5EBA40A214ECA7900DB4CD6 /* WavefrontObjConverter.h */,
				B5EBA40B214ECA7900DB4CD6 /* WavefrontObjConverter.m */,
				B5E35467217BA2510034FB97 /* PGShapeFactory.h */,
				B5E35468217BA2510034FB97 /* PGShapeFactory.mm */,
			);
			path = URDF;
			sourceTree = "<group>";
		};
		B526B14321438BF200FBA6D7 /* TinyXML */ = {
			isa = PBXGroup;
			children = (
				B526B14521438BFD00FBA6D7 /* tinyxml2.mm */,
				B526B14121438B6700FBA6D7 /* UrdfParser.mm */,
				B526B14421438BFD00FBA6D7 /* tinyxml2.h */,
			);
			path = TinyXML;
			sourceTree = "<group>";
		};
		B55AFBEE222F8344003E4C58 /* BulletWrappers */ = {
			isa = PBXGroup;
			children = (
				B55AFBEF222F835D003E4C58 /* JointMotor.h */,
				B55AFBF0222F835D003E4C58 /* JointMotor.mm */,
			);
			path = BulletWrappers;
			sourceTree = "<group>";
		};
		B57BD2222180EA8C00463D9F /* Simulation */ = {
			isa = PBXGroup;
			children = (
				B55AFBEE222F8344003E4C58 /* BulletWrappers */,
				B57BD22A2180EC3100463D9F /* Models */,
				B57BD2232180EAA000463D9F /* PGSimulation.h */,
				B57BD2242180EAA000463D9F /* PGSimulation.mm */,
				B5311BDA21D7EAB500212FE9 /* PGEventSubscriber.h */,
			);
			path = Simulation;
			sourceTree = "<group>";
		};
		B57BD22A2180EC3100463D9F /* Models */ = {
			isa = PBXGroup;
			children = (
				B57BD22B2180EC3D00463D9F /* PGEntity.h */,
				B57BD22C2180EC3D00463D9F /* PGEntity.m */,
				B5311BDB21D7F02200212FE9 /* PGRobot.h */,
				B5311BDC21D7F02200212FE9 /* PGRobot.mm */,
				B5B7A5F321DB1E63008495B9 /* PGRobotSubscriptionProtocols.h */,
				B55AFB1E222E41CF003E4C58 /* Gripper.h */,
				B55AFB1F222E41CF003E4C58 /* Gripper.mm */,
			);
			path = Models;
			sourceTree = "<group>";
		};
		B5859C38213F83EF00C71222 = {
			isa = PBXGroup;
			children = (
				B5859C43213F83EF00C71222 /* PinkGoatApp */,
				B5859C56213F83F000C71222 /* PinkGoatAppTests */,
				B5859C42213F83EF00C71222 /* Products */,
				B5859C64213F84E700C71222 /* Frameworks */,
			);
			sourceTree = "<group>";
		};
		B5859C42213F83EF00C71222 /* Products */ = {
			isa = PBXGroup;
			children = (
				B5859C41213F83EF00C71222 /* PinkGoatApp.app */,
				B5859C53213F83F000C71222 /* PinkGoatAppTests.xctest */,
			);
			name = Products;
			sourceTree = "<group>";
		};
		B5859C43213F83EF00C71222 /* PinkGoatApp */ = {
			isa = PBXGroup;
			children = (
				B5B7A5E721DAE9CB008495B9 /* Views */,
				B5C00F7C21A13A6800B78120 /* Controllers */,
				B58DDD7121881B3200D46E49 /* Physics */,
				B57BD2222180EA8C00463D9F /* Simulation */,
				B5AC6892217F990C00D0F11F /* Utilities */,
				B5E3553A217D8CFB0034FB97 /* Resources */,
				B526B13F21438B5300FBA6D7 /* URDF */,
				B5EDE3C42174607A00EC3CA0 /* Logging */,
				B5EDE184216957C500EC3CA0 /* Maths */,
				B5E607BD2167095000858EF7 /* Shaders */,
				B5E607AE2165154100858EF7 /* Rendering */,
				B583BACC21608C06005E1332 /* CollisionShape2TriangleMesh.cpp */,
				B583BACD21608C06005E1332 /* CollisionShape2TriangleMesh.h */,
				B5EBA407214EBF0800DB4CD6 /* btDefaultCollisionConfiguration.cpp */,
				B5EBA408214EBF0800DB4CD6 /* btDefaultCollisionConfiguration.h */,
				B5EBA405214E1ADC00DB4CD6 /* kuka_iiwa */,
				B526B239214A297100FBA6D7 /* stb_image_write.h */,
				B526B23A214A297100FBA6D7 /* stb_image.cpp */,
				B526B238214A297000FBA6D7 /* stb_image.h */,
				B526B235214A28CA00FBA6D7 /* b3ImportMeshUtility.cpp */,
				B526B236214A28CA00FBA6D7 /* b3ImportMeshUtility.h */,
				B526B234214A28A700FBA6D7 /* btMatrix4x4.h */,
				B526B231214A283B00FBA6D7 /* LoadMeshFromCollada.cpp */,
				B526B232214A283B00FBA6D7 /* LoadMeshFromCollada.h */,
				B526B230214A280500FBA6D7 /* ColladaGraphicsInstance.h */,
				B583BACB21607285005E1332 /* ShapeData.h */,
				B526B22F214A27C500FBA6D7 /* LoadMeshFromSTL.h */,
				B526B229214A275700FBA6D7 /* LoadMeshFromObj.cpp */,
				B526B22A214A275700FBA6D7 /* LoadMeshFromObj.h */,
				B526B228214A26A200FBA6D7 /* GLInstanceGraphicsShape.h */,
				B526B226214A263C00FBA6D7 /* tiny_obj_loader.cpp */,
				B526B225214A263C00FBA6D7 /* tiny_obj_loader.h */,
				B526B222214A25CA00FBA6D7 /* b3ResourcePath.cpp */,
				B526B223214A25CB00FBA6D7 /* b3ResourcePath.h */,
				B5859C99213F9A2200C71222 /* MultiBodyCreationInterface.h */,
				B5859C98213F9A0300C71222 /* SDFAudioTypes.h */,
				B5859C97213F99E000C71222 /* URDFImporterInterface.h */,
				B5859C96213F99AD00C71222 /* URDFJointTypes.h */,
				B5859C93213F994E00C71222 /* URDF2Bullet.mm */,
				B5859C94213F994E00C71222 /* URDF2Bullet.h */,
				B5859C89213F881F00C71222 /* bulletWrappers */,
				B5859C62213F849A00C71222 /* bullet */,
				B5859C44213F83EF00C71222 /* AppDelegate.swift */,
				B5859C46213F83EF00C71222 /* ViewController.swift */,
				B5859C48213F83EF00C71222 /* Assets.xcassets */,
				B5859C4A213F83EF00C71222 /* Main.storyboard */,
				B5859C4D213F83EF00C71222 /* Info.plist */,
				B5859C4E213F83EF00C71222 /* PinkGoatApp.entitlements */,
				B5859C86213F87B800C71222 /* BulletDynamicsWorldFactory.h */,
				B5859C87213F87B800C71222 /* BulletDynamicsWorldFactory.mm */,
				B5859C85213F87B700C71222 /* PinkGoatApp-Bridging-Header.h */,
				B5859C90213F971A00C71222 /* PGMainViewController.h */,
				B5859C91213F971A00C71222 /* PGMainViewController.mm */,
				B5859C9A213F9B8300C71222 /* PGRobotFactory.h */,
				B5859C9B213F9B8300C71222 /* PGRobotFactory.mm */,
			);
			path = PinkGoatApp;
			sourceTree = "<group>";
		};
		B5859C56213F83F000C71222 /* PinkGoatAppTests */ = {
			isa = PBXGroup;
			children = (
				B5859C57213F83F000C71222 /* PinkGoatAppTests.swift */,
				B5859C59213F83F000C71222 /* Info.plist */,
				B5EDE189216C6BC300EC3CA0 /* PGShapeTests.m */,
				B5EDE188216C6BC300EC3CA0 /* PinkGoatAppTests-Bridging-Header.h */,
			);
			path = PinkGoatAppTests;
			sourceTree = "<group>";
		};
		B5859C64213F84E700C71222 /* Frameworks */ = {
			isa = PBXGroup;
			children = (
				B5E607BB2167070300858EF7 /* MetalKit.framework */,
				B5E607B9216706FC00858EF7 /* Metal.framework */,
				B5859C9D213F9CDF00C71222 /* SceneKit.framework */,
				B5859C74213F84E800C71222 /* libBullet2FileLoader.a */,
				B5859C67213F84E800C71222 /* libBullet3Collision.a */,
				B5859C6A213F84E800C71222 /* libBullet3Common.a */,
				B5859C65213F84E700C71222 /* libBullet3Dynamics.a */,
				B5859C66213F84E800C71222 /* libBullet3Geometry.a */,
				B5859C6C213F84E800C71222 /* libBullet3OpenCL_clew.a */,
				B5859C6F213F84E800C71222 /* libBulletCollision.a */,
				B5859C69213F84E800C71222 /* libBulletDynamics.a */,
				B5859C70213F84E800C71222 /* libBulletFileLoader.a */,
				B5859C68213F84E800C71222 /* libBulletInverseDynamics.a */,
				B5859C71213F84E800C71222 /* libBulletInverseDynamicsUtils.a */,
				B5859C6B213F84E800C71222 /* libBulletRobotics.a */,
				B5859C73213F84E800C71222 /* libBulletSoftBody.a */,
				B5859C6D213F84E800C71222 /* libBulletWorldImporter.a */,
				B5859C6E213F84E800C71222 /* libBulletXmlWorldImporter.a */,
				B5859C72213F84E800C71222 /* libLinearMath.a */,
			);
			name = Frameworks;
			sourceTree = "<group>";
		};
		B5859C89213F881F00C71222 /* bulletWrappers */ = {
			isa = PBXGroup;
			children = (
				B5859C8D213F8D7300C71222 /* BTMultiBodyDynamicsWorldWrapper.h */,
				B5859C8E213F8D7300C71222 /* BTMultiBodyDynamicsWorldWrapper.mm */,
			);
			path = bulletWrappers;
			sourceTree = "<group>";
		};
		B58DDD7121881B3200D46E49 /* Physics */ = {
			isa = PBXGroup;
			children = (
				B58DDD7221881B4B00D46E49 /* PGPhysicsWorldProtocol.h */,
			);
			path = Physics;
			sourceTree = "<group>";
		};
		B5AC6892217F990C00D0F11F /* Utilities */ = {
			isa = PBXGroup;
			children = (
				B5AC6893217F991E00D0F11F /* PGMatrixLogger.h */,
				B5AC6894217F991E00D0F11F /* PGMatrixLogger.m */,
				B58DDD6D2186696100D46E49 /* NSColor+Vector.h */,
				B58DDD6E2186696100D46E49 /* NSColor+Vector.m */,
			);
			path = Utilities;
			sourceTree = "<group>";
		};
		B5B7A5E721DAE9CB008495B9 /* Views */ = {
			isa = PBXGroup;
			children = (
				B5B7A5EB21DAE9D8008495B9 /* PGTimeSeriesView.h */,
				B5B7A5E921DAE9D7008495B9 /* PGTimeSeriesView.m */,
				B5B7A5EA21DAE9D7008495B9 /* PGTimeSeriesLine.h */,
				B5B7A5E821DAE9D7008495B9 /* PGTimeSeriesLine.m */,
				B5B7A5EE21DAEAA9008495B9 /* PGTimeSeriesViewController.h */,
				B5B7A5EF21DAEAA9008495B9 /* PGTimeSeriesViewController.mm */,
				B5B7A5F121DAEAC4008495B9 /* PGTimeSeriesViewController.storyboard */,
				B5B7A5F421DB3087008495B9 /* PGJointTableViewCell.h */,
				B5B7A5F521DB3087008495B9 /* PGJointTableViewCell.m */,
				B5B7A5F721DB30BE008495B9 /* PGJointTableViewCell.xib */,
			);
			path = Views;
			sourceTree = "<group>";
		};
		B5C00F7C21A13A6800B78120 /* Controllers */ = {
			isa = PBXGroup;
			children = (
				B5311BD721D7421F00212FE9 /* PGPIDController.h */,
				B5311BD821D7421F00212FE9 /* PGPIDController.m */,
				B5311BDE21D7F58700212FE9 /* PGRobotController.h */,
				B58E8C9122151C810063F2A4 /* TLGripperController.h */,
				B58E8C9222151C810063F2A4 /* TLGripperController.m */,
			);
			path = Controllers;
			sourceTree = "<group>";
		};
		B5E3553A217D8CFB0034FB97 /* Resources */ = {
			isa = PBXGroup;
			children = (
				B5DBF88822055B1B0054D647 /* gripper */,
				B5DBF7B9220556330054D647 /* KUKA */,
				B5998FC1217E8B5500413FDC /* cylinder.urdf */,
				B5E3553B217D8D090034FB97 /* cougarbot.urdf */,
			);
			path = Resources;
			sourceTree = "<group>";
		};
		B5E607AE2165154100858EF7 /* Rendering */ = {
			isa = PBXGroup;
			children = (
				B521339B2183903800875C68 /* Views */,
				B5E607BE2167097100858EF7 /* PGShaders.metal */,
				B5E607AF2165155100858EF7 /* PGRenderer.h */,
				B5E607B02165155100858EF7 /* PGRenderer.m */,
				B5E607B22165AD5300858EF7 /* PGShaderTypes.h */,
				B5E607B32165AEE300858EF7 /* PGShape.h */,
				B5E607B42165AEE300858EF7 /* PGShape.mm */,
				B5E607B62165B8AE00858EF7 /* PGVertexObject.h */,
				B5E607B72165B8AE00858EF7 /* PGVertexObject.m */,
				B5EDE18D216DBEAA00EC3CA0 /* PGDataTypes.h */,
				B57BD2262180EB9200463D9F /* PGScene.h */,
				B57BD2272180EB9200463D9F /* PGScene.m */,
				B5213395218264F300875C68 /* PGCollisionShapeGraphicsGenerator.h */,
				B5213396218264F300875C68 /* PGCollisionShapeGraphicsGenerator.mm */,
			);
			path = Rendering;
			sourceTree = "<group>";
		};
		B5E607BD2167095000858EF7 /* Shaders */ = {
			isa = PBXGroup;
			children = (
			);
			path = Shaders;
			sourceTree = "<group>";
		};
		B5EDE184216957C500EC3CA0 /* Maths */ = {
			isa = PBXGroup;
			children = (
				B5EDE185216957DC00EC3CA0 /* PGMathUtilities.h */,
				B5EDE186216957DC00EC3CA0 /* PGMathUtilities.m */,
				B5E3546A217D33520034FB97 /* PGObjcMathUtilities.h */,
				B5E3546B217D33520034FB97 /* PGObjcMathUtilities.mm */,
			);
			path = Maths;
			sourceTree = "<group>";
		};
		B5EDE3C42174607A00EC3CA0 /* Logging */ = {
			isa = PBXGroup;
			children = (
				B5EDE3C521763E8000EC3CA0 /* PGLogger.h */,
				B5EDE3C621763E8000EC3CA0 /* PGLogger.mm */,
			);
			path = Logging;
			sourceTree = "<group>";
		};
/* End PBXGroup section */

/* Begin PBXNativeTarget section */
		B5859C40213F83EF00C71222 /* PinkGoatApp */ = {
			isa = PBXNativeTarget;
			buildConfigurationList = B5859C5C213F83F000C71222 /* Build configuration list for PBXNativeTarget "PinkGoatApp" */;
			buildPhases = (
				B5859C3D213F83EF00C71222 /* Sources */,
				B5859C3E213F83EF00C71222 /* Frameworks */,
				B5859C3F213F83EF00C71222 /* Resources */,
			);
			buildRules = (
			);
			dependencies = (
			);
			name = PinkGoatApp;
			productName = PinkGoatApp;
			productReference = B5859C41213F83EF00C71222 /* PinkGoatApp.app */;
			productType = "com.apple.product-type.application";
		};
		B5859C52213F83F000C71222 /* PinkGoatAppTests */ = {
			isa = PBXNativeTarget;
			buildConfigurationList = B5859C5F213F83F000C71222 /* Build configuration list for PBXNativeTarget "PinkGoatAppTests" */;
			buildPhases = (
				B5859C4F213F83F000C71222 /* Sources */,
				B5859C50213F83F000C71222 /* Frameworks */,
				B5859C51213F83F000C71222 /* Resources */,
			);
			buildRules = (
			);
			dependencies = (
				B5859C55213F83F000C71222 /* PBXTargetDependency */,
			);
			name = PinkGoatAppTests;
			productName = PinkGoatAppTests;
			productReference = B5859C53213F83F000C71222 /* PinkGoatAppTests.xctest */;
			productType = "com.apple.product-type.bundle.unit-test";
		};
/* End PBXNativeTarget section */

/* Begin PBXProject section */
		B5859C39213F83EF00C71222 /* Project object */ = {
			isa = PBXProject;
			attributes = {
				LastSwiftUpdateCheck = 0940;
				LastUpgradeCheck = 0940;
				ORGANIZATIONNAME = "Roy Li";
				TargetAttributes = {
					B5859C40213F83EF00C71222 = {
						CreatedOnToolsVersion = 9.4.1;
						LastSwiftMigration = 0940;
						SystemCapabilities = {
							com.apple.Sandbox = {
								enabled = 0;
							};
						};
					};
					B5859C52213F83F000C71222 = {
						CreatedOnToolsVersion = 9.4.1;
						LastSwiftMigration = 0940;
					};
				};
			};
			buildConfigurationList = B5859C3C213F83EF00C71222 /* Build configuration list for PBXProject "PinkGoatApp" */;
			compatibilityVersion = "Xcode 9.3";
			developmentRegion = en;
			hasScannedForEncodings = 0;
			knownRegions = (
				en,
				Base,
			);
			mainGroup = B5859C38213F83EF00C71222;
			productRefGroup = B5859C42213F83EF00C71222 /* Products */;
			projectDirPath = "";
			projectRoot = "";
			targets = (
				B5859C40213F83EF00C71222 /* PinkGoatApp */,
				B5859C52213F83F000C71222 /* PinkGoatAppTests */,
			);
		};
/* End PBXProject section */

/* Begin PBXResourcesBuildPhase section */
		B5859C3F213F83EF00C71222 /* Resources */ = {
			isa = PBXResourcesBuildPhase;
			buildActionMask = 2147483647;
			files = (
				B5DBF88922055B1C0054D647 /* gripper in Resources */,
				B5998FC2217E8B5500413FDC /* cylinder.urdf in Resources */,
				B5B7A5F221DAEAC4008495B9 /* PGTimeSeriesViewController.storyboard in Resources */,
				B5859C49213F83EF00C71222 /* Assets.xcassets in Resources */,
				B5DBF7BA220556330054D647 /* KUKA in Resources */,
				B5E3553C217D8D090034FB97 /* cougarbot.urdf in Resources */,
				B5859C4C213F83EF00C71222 /* Main.storyboard in Resources */,
				B5EBA406214E1ADC00DB4CD6 /* kuka_iiwa in Resources */,
				B5859C63213F849A00C71222 /* bullet in Resources */,
				B5B7A5F821DB30BE008495B9 /* PGJointTableViewCell.xib in Resources */,
			);
			runOnlyForDeploymentPostprocessing = 0;
		};
		B5859C51213F83F000C71222 /* Resources */ = {
			isa = PBXResourcesBuildPhase;
			buildActionMask = 2147483647;
			files = (
			);
			runOnlyForDeploymentPostprocessing = 0;
		};
/* End PBXResourcesBuildPhase section */

/* Begin PBXSourcesBuildPhase section */
		B5859C3D213F83EF00C71222 /* Sources */ = {
			isa = PBXSourcesBuildPhase;
			buildActionMask = 2147483647;
			files = (
				B5EBA404214E0D3A00DB4CD6 /* MyMultiBodyCreator.cpp in Sources */,
				B526B237214A28CA00FBA6D7 /* b3ImportMeshUtility.cpp in Sources */,
				B526B22B214A275800FBA6D7 /* LoadMeshFromObj.cpp in Sources */,
				B5E607B52165AEE300858EF7 /* PGShape.mm in Sources */,
				B583BACE21608C06005E1332 /* CollisionShape2TriangleMesh.cpp in Sources */,
				B5EBA409214EBF0800DB4CD6 /* btDefaultCollisionConfiguration.cpp in Sources */,
				B5213397218264F300875C68 /* PGCollisionShapeGraphicsGenerator.mm in Sources */,
				B521339E2183905500875C68 /* PGMTKView.m in Sources */,
				B526B14621438BFD00FBA6D7 /* tinyxml2.mm in Sources */,
				B58E8C9322151C810063F2A4 /* TLGripperController.m in Sources */,
				B5859C8F213F8D7300C71222 /* BTMultiBodyDynamicsWorldWrapper.mm in Sources */,
				B5E607B82165B8AE00858EF7 /* PGVertexObject.m in Sources */,
				B5859C92213F971A00C71222 /* PGMainViewController.mm in Sources */,
				B526B227214A263D00FBA6D7 /* tiny_obj_loader.cpp in Sources */,
				B5859C88213F87B800C71222 /* BulletDynamicsWorldFactory.mm in Sources */,
				B5B7A5EC21DAE9D8008495B9 /* PGTimeSeriesLine.m in Sources */,
				B57BD2282180EB9200463D9F /* PGScene.m in Sources */,
				B526B14921438C5000FBA6D7 /* urdfStringSplit.mm in Sources */,
				B526B224214A25CB00FBA6D7 /* b3ResourcePath.cpp in Sources */,
				B5859C9C213F9B8300C71222 /* PGRobotFactory.mm in Sources */,
				B5EDE3C721763E8000EC3CA0 /* PGLogger.mm in Sources */,
				B526B233214A283B00FBA6D7 /* LoadMeshFromCollada.cpp in Sources */,
				B5E3546C217D33520034FB97 /* PGObjcMathUtilities.mm in Sources */,
				B5EBA40C214ECA7900DB4CD6 /* WavefrontObjConverter.m in Sources */,
				B5859C47213F83EF00C71222 /* ViewController.swift in Sources */,
				B526B2202148D29100FBA6D7 /* BulletUrdfImporter.mm in Sources */,
				B5B7A5F021DAEAA9008495B9 /* PGTimeSeriesViewController.mm in Sources */,
				B5311BD921D7421F00212FE9 /* PGPIDController.m in Sources */,
				B55AFB20222E41CF003E4C58 /* Gripper.mm in Sources */,
				B5E607BF2167097100858EF7 /* PGShaders.metal in Sources */,
				B5B7A5ED21DAE9D8008495B9 /* PGTimeSeriesView.m in Sources */,
				B5AC6895217F991E00D0F11F /* PGMatrixLogger.m in Sources */,
				B5EDE187216957DC00EC3CA0 /* PGMathUtilities.m in Sources */,
				B5B7A5F621DB3087008495B9 /* PGJointTableViewCell.m in Sources */,
				B5E35469217BA2510034FB97 /* PGShapeFactory.mm in Sources */,
				B526B14221438B6700FBA6D7 /* UrdfParser.mm in Sources */,
				B5EBA40F214ECB7B00DB4CD6 /* Wavefront2GLInstanceGraphicsShape.cpp in Sources */,
				B5859C45213F83EF00C71222 /* AppDelegate.swift in Sources */,
				B55AFBF1222F835D003E4C58 /* JointMotor.mm in Sources */,
				B5311BDD21D7F02200212FE9 /* PGRobot.mm in Sources */,
				B5E607B12165155100858EF7 /* PGRenderer.m in Sources */,
				B57BD2252180EAA000463D9F /* PGSimulation.mm in Sources */,
				B57BD22D2180EC3D00463D9F /* PGEntity.m in Sources */,
				B58DDD6F2186696100D46E49 /* NSColor+Vector.m in Sources */,
				B526B23B214A297100FBA6D7 /* stb_image.cpp in Sources */,
				B5859C95213F994E00C71222 /* URDF2Bullet.mm in Sources */,
			);
			runOnlyForDeploymentPostprocessing = 0;
		};
		B5859C4F213F83F000C71222 /* Sources */ = {
			isa = PBXSourcesBuildPhase;
			buildActionMask = 2147483647;
			files = (
				B5EDE18C216C6E6D00EC3CA0 /* PGShape.mm in Sources */,
				B5EDE18A216C6BC300EC3CA0 /* PGShapeTests.m in Sources */,
				B5859C58213F83F000C71222 /* PinkGoatAppTests.swift in Sources */,
				B5EDE18B216C6DD900EC3CA0 /* PGVertexObject.m in Sources */,
			);
			runOnlyForDeploymentPostprocessing = 0;
		};
/* End PBXSourcesBuildPhase section */

/* Begin PBXTargetDependency section */
		B5859C55213F83F000C71222 /* PBXTargetDependency */ = {
			isa = PBXTargetDependency;
			target = B5859C40213F83EF00C71222 /* PinkGoatApp */;
			targetProxy = B5859C54213F83F000C71222 /* PBXContainerItemProxy */;
		};
/* End PBXTargetDependency section */

/* Begin PBXVariantGroup section */
		B5859C4A213F83EF00C71222 /* Main.storyboard */ = {
			isa = PBXVariantGroup;
			children = (
				B5859C4B213F83EF00C71222 /* Base */,
			);
			name = Main.storyboard;
			sourceTree = "<group>";
		};
/* End PBXVariantGroup section */

/* Begin XCBuildConfiguration section */
		B5859C5A213F83F000C71222 /* Debug */ = {
			isa = XCBuildConfiguration;
			buildSettings = {
				ALWAYS_SEARCH_USER_PATHS = NO;
				CLANG_ANALYZER_NONNULL = YES;
				CLANG_ANALYZER_NUMBER_OBJECT_CONVERSION = YES_AGGRESSIVE;
				CLANG_CXX_LANGUAGE_STANDARD = "gnu++14";
				CLANG_CXX_LIBRARY = "libc++";
				CLANG_ENABLE_MODULES = YES;
				CLANG_ENABLE_OBJC_ARC = YES;
				CLANG_ENABLE_OBJC_WEAK = YES;
				CLANG_WARN_BLOCK_CAPTURE_AUTORELEASING = YES;
				CLANG_WARN_BOOL_CONVERSION = YES;
				CLANG_WARN_COMMA = YES;
				CLANG_WARN_CONSTANT_CONVERSION = YES;
				CLANG_WARN_DEPRECATED_OBJC_IMPLEMENTATIONS = YES;
				CLANG_WARN_DIRECT_OBJC_ISA_USAGE = YES_ERROR;
				CLANG_WARN_DOCUMENTATION_COMMENTS = YES;
				CLANG_WARN_EMPTY_BODY = YES;
				CLANG_WARN_ENUM_CONVERSION = YES;
				CLANG_WARN_INFINITE_RECURSION = YES;
				CLANG_WARN_INT_CONVERSION = YES;
				CLANG_WARN_NON_LITERAL_NULL_CONVERSION = YES;
				CLANG_WARN_OBJC_IMPLICIT_RETAIN_SELF = YES;
				CLANG_WARN_OBJC_LITERAL_CONVERSION = YES;
				CLANG_WARN_OBJC_ROOT_CLASS = YES_ERROR;
				CLANG_WARN_RANGE_LOOP_ANALYSIS = YES;
				CLANG_WARN_STRICT_PROTOTYPES = YES;
				CLANG_WARN_SUSPICIOUS_MOVE = YES;
				CLANG_WARN_UNGUARDED_AVAILABILITY = YES_AGGRESSIVE;
				CLANG_WARN_UNREACHABLE_CODE = YES;
				CLANG_WARN__DUPLICATE_METHOD_MATCH = YES;
				CODE_SIGN_IDENTITY = "Mac Developer";
				COPY_PHASE_STRIP = NO;
				DEBUG_INFORMATION_FORMAT = dwarf;
				ENABLE_STRICT_OBJC_MSGSEND = YES;
				ENABLE_TESTABILITY = YES;
				GCC_C_LANGUAGE_STANDARD = gnu11;
				GCC_DYNAMIC_NO_PIC = NO;
				GCC_NO_COMMON_BLOCKS = YES;
				GCC_OPTIMIZATION_LEVEL = 0;
				GCC_PREPROCESSOR_DEFINITIONS = (
					"DEBUG=1",
					"$(inherited)",
				);
				GCC_WARN_64_TO_32_BIT_CONVERSION = YES;
				GCC_WARN_ABOUT_RETURN_TYPE = YES_ERROR;
				GCC_WARN_UNDECLARED_SELECTOR = YES;
				GCC_WARN_UNINITIALIZED_AUTOS = YES_AGGRESSIVE;
				GCC_WARN_UNUSED_FUNCTION = YES;
				GCC_WARN_UNUSED_VARIABLE = YES;
				MACOSX_DEPLOYMENT_TARGET = 10.13;
				MTL_ENABLE_DEBUG_INFO = YES;
				ONLY_ACTIVE_ARCH = YES;
				SDKROOT = macosx;
				SWIFT_ACTIVE_COMPILATION_CONDITIONS = DEBUG;
				SWIFT_OPTIMIZATION_LEVEL = "-Onone";
			};
			name = Debug;
		};
		B5859C5B213F83F000C71222 /* Release */ = {
			isa = XCBuildConfiguration;
			buildSettings = {
				ALWAYS_SEARCH_USER_PATHS = NO;
				CLANG_ANALYZER_NONNULL = YES;
				CLANG_ANALYZER_NUMBER_OBJECT_CONVERSION = YES_AGGRESSIVE;
				CLANG_CXX_LANGUAGE_STANDARD = "gnu++14";
				CLANG_CXX_LIBRARY = "libc++";
				CLANG_ENABLE_MODULES = YES;
				CLANG_ENABLE_OBJC_ARC = YES;
				CLANG_ENABLE_OBJC_WEAK = YES;
				CLANG_WARN_BLOCK_CAPTURE_AUTORELEASING = YES;
				CLANG_WARN_BOOL_CONVERSION = YES;
				CLANG_WARN_COMMA = YES;
				CLANG_WARN_CONSTANT_CONVERSION = YES;
				CLANG_WARN_DEPRECATED_OBJC_IMPLEMENTATIONS = YES;
				CLANG_WARN_DIRECT_OBJC_ISA_USAGE = YES_ERROR;
				CLANG_WARN_DOCUMENTATION_COMMENTS = YES;
				CLANG_WARN_EMPTY_BODY = YES;
				CLANG_WARN_ENUM_CONVERSION = YES;
				CLANG_WARN_INFINITE_RECURSION = YES;
				CLANG_WARN_INT_CONVERSION = YES;
				CLANG_WARN_NON_LITERAL_NULL_CONVERSION = YES;
				CLANG_WARN_OBJC_IMPLICIT_RETAIN_SELF = YES;
				CLANG_WARN_OBJC_LITERAL_CONVERSION = YES;
				CLANG_WARN_OBJC_ROOT_CLASS = YES_ERROR;
				CLANG_WARN_RANGE_LOOP_ANALYSIS = YES;
				CLANG_WARN_STRICT_PROTOTYPES = YES;
				CLANG_WARN_SUSPICIOUS_MOVE = YES;
				CLANG_WARN_UNGUARDED_AVAILABILITY = YES_AGGRESSIVE;
				CLANG_WARN_UNREACHABLE_CODE = YES;
				CLANG_WARN__DUPLICATE_METHOD_MATCH = YES;
				CODE_SIGN_IDENTITY = "Mac Developer";
				COPY_PHASE_STRIP = NO;
				DEBUG_INFORMATION_FORMAT = "dwarf-with-dsym";
				ENABLE_NS_ASSERTIONS = NO;
				ENABLE_STRICT_OBJC_MSGSEND = YES;
				GCC_C_LANGUAGE_STANDARD = gnu11;
				GCC_NO_COMMON_BLOCKS = YES;
				GCC_WARN_64_TO_32_BIT_CONVERSION = YES;
				GCC_WARN_ABOUT_RETURN_TYPE = YES_ERROR;
				GCC_WARN_UNDECLARED_SELECTOR = YES;
				GCC_WARN_UNINITIALIZED_AUTOS = YES_AGGRESSIVE;
				GCC_WARN_UNUSED_FUNCTION = YES;
				GCC_WARN_UNUSED_VARIABLE = YES;
				MACOSX_DEPLOYMENT_TARGET = 10.13;
				MTL_ENABLE_DEBUG_INFO = NO;
				SDKROOT = macosx;
				SWIFT_COMPILATION_MODE = wholemodule;
				SWIFT_OPTIMIZATION_LEVEL = "-O";
			};
			name = Release;
		};
		B5859C5D213F83F000C71222 /* Debug */ = {
			isa = XCBuildConfiguration;
			buildSettings = {
				ASSETCATALOG_COMPILER_APPICON_NAME = AppIcon;
				CLANG_ENABLE_MODULES = YES;
				CODE_SIGN_STYLE = Automatic;
				COMBINE_HIDPI_IMAGES = YES;
				DEVELOPMENT_TEAM = Q273YZ238V;
				HEADER_SEARCH_PATHS = "\"$(SRCROOT)/PinkGoatApp/bullet\"";
				INFOPLIST_FILE = PinkGoatApp/Info.plist;
				LD_RUNPATH_SEARCH_PATHS = (
					"$(inherited)",
					"@executable_path/../Frameworks",
				);
				LIBRARY_SEARCH_PATHS = /usr/local/lib;
				PRODUCT_BUNDLE_IDENTIFIER = pinkgoat.PinkGoatApp;
				PRODUCT_NAME = "$(TARGET_NAME)";
				SWIFT_OBJC_BRIDGING_HEADER = "PinkGoatApp/PinkGoatApp-Bridging-Header.h";
				SWIFT_OPTIMIZATION_LEVEL = "-Onone";
				SWIFT_VERSION = 4.0;
			};
			name = Debug;
		};
		B5859C5E213F83F000C71222 /* Release */ = {
			isa = XCBuildConfiguration;
			buildSettings = {
				ASSETCATALOG_COMPILER_APPICON_NAME = AppIcon;
				CLANG_ENABLE_MODULES = YES;
				CODE_SIGN_STYLE = Automatic;
				COMBINE_HIDPI_IMAGES = YES;
				DEVELOPMENT_TEAM = Q273YZ238V;
				HEADER_SEARCH_PATHS = "\"$(SRCROOT)/PinkGoatApp/bullet\"";
				INFOPLIST_FILE = PinkGoatApp/Info.plist;
				LD_RUNPATH_SEARCH_PATHS = (
					"$(inherited)",
					"@executable_path/../Frameworks",
				);
				LIBRARY_SEARCH_PATHS = /usr/local/lib;
				PRODUCT_BUNDLE_IDENTIFIER = pinkgoat.PinkGoatApp;
				PRODUCT_NAME = "$(TARGET_NAME)";
				SWIFT_OBJC_BRIDGING_HEADER = "PinkGoatApp/PinkGoatApp-Bridging-Header.h";
				SWIFT_VERSION = 4.0;
			};
			name = Release;
		};
		B5859C60213F83F000C71222 /* Debug */ = {
			isa = XCBuildConfiguration;
			buildSettings = {
				ALWAYS_EMBED_SWIFT_STANDARD_LIBRARIES = YES;
				CLANG_ENABLE_MODULES = YES;
				CODE_SIGN_STYLE = Automatic;
				COMBINE_HIDPI_IMAGES = YES;
				DEVELOPMENT_TEAM = Q273YZ238V;
				INFOPLIST_FILE = PinkGoatAppTests/Info.plist;
				LD_RUNPATH_SEARCH_PATHS = (
					"$(inherited)",
					"@executable_path/../Frameworks",
					"@loader_path/../Frameworks",
				);
				PRODUCT_BUNDLE_IDENTIFIER = pinkgoat.PinkGoatAppTests;
				PRODUCT_NAME = "$(TARGET_NAME)";
				SWIFT_OBJC_BRIDGING_HEADER = "PinkGoatAppTests/PinkGoatAppTests-Bridging-Header.h";
				SWIFT_OPTIMIZATION_LEVEL = "-Onone";
				SWIFT_VERSION = 4.0;
			};
			name = Debug;
		};
		B5859C61213F83F000C71222 /* Release */ = {
			isa = XCBuildConfiguration;
			buildSettings = {
				ALWAYS_EMBED_SWIFT_STANDARD_LIBRARIES = YES;
				CLANG_ENABLE_MODULES = YES;
				CODE_SIGN_STYLE = Automatic;
				COMBINE_HIDPI_IMAGES = YES;
				DEVELOPMENT_TEAM = Q273YZ238V;
				INFOPLIST_FILE = PinkGoatAppTests/Info.plist;
				LD_RUNPATH_SEARCH_PATHS = (
					"$(inherited)",
					"@executable_path/../Frameworks",
					"@loader_path/../Frameworks",
				);
				PRODUCT_BUNDLE_IDENTIFIER = pinkgoat.PinkGoatAppTests;
				PRODUCT_NAME = "$(TARGET_NAME)";
				SWIFT_OBJC_BRIDGING_HEADER = "PinkGoatAppTests/PinkGoatAppTests-Bridging-Header.h";
				SWIFT_VERSION = 4.0;
			};
			name = Release;
		};
/* End XCBuildConfiguration section */

/* Begin XCConfigurationList section */
		B5859C3C213F83EF00C71222 /* Build configuration list for PBXProject "PinkGoatApp" */ = {
			isa = XCConfigurationList;
			buildConfigurations = (
				B5859C5A213F83F000C71222 /* Debug */,
				B5859C5B213F83F000C71222 /* Release */,
			);
			defaultConfigurationIsVisible = 0;
			defaultConfigurationName = Release;
		};
		B5859C5C213F83F000C71222 /* Build configuration list for PBXNativeTarget "PinkGoatApp" */ = {
			isa = XCConfigurationList;
			buildConfigurations = (
				B5859C5D213F83F000C71222 /* Debug */,
				B5859C5E213F83F000C71222 /* Release */,
			);
			defaultConfigurationIsVisible = 0;
			defaultConfigurationName = Release;
		};
		B5859C5F213F83F000C71222 /* Build configuration list for PBXNativeTarget "PinkGoatAppTests" */ = {
			isa = XCConfigurationList;
			buildConfigurations = (
				B5859C60213F83F000C71222 /* Debug */,
				B5859C61213F83F000C71222 /* Release */,
			);
			defaultConfigurationIsVisible = 0;
			defaultConfigurationName = Release;
		};
/* End XCConfigurationList section */
	};
	rootObject = B5859C39213F83EF00C71222 /* Project object */;
}
